{
  "originHash" : "975e2008d7c9868c3c0b8c50bf641c9767cf12f86503b7c2eff9ce4c73ee9547",
  "pins" : [
    {
      "identity" : "alerttoast",
      "kind" : "remoteSourceControl",
      "location" : "https://github.com/elai950/AlertToast.git",
      "state" : {
        "revision" : "b39252eacd159904afd7d718bba0afabb87f2f2f",
        "version" : "1.3.9"
      }
    },
    {
      "identity" : "snappable",
      "kind" : "remoteSourceControl",
      "location" : "https://github.com/hugehoge/Snappable.git",
      "state" : {
        "revision" : "806de8123c87fdd818f1b8998a56417a1a510007",
        "version" : "0.3.0"
      }
    }
  ],
  "version" : 3
}
