// !$*UTF8*$!
{
	archiveVersion = 1;
	classes = {
	};
	objectVersion = 56;
	objects = {

/* Begin PBXBuildFile section */
		A32173C629BE85B5005E8931 /* CardView.swift in Sources */ = {isa = PBXBuildFile; fileRef = A32173C529BE85B5005E8931 /* CardView.swift */; };
		A34D906E29C28EDE002F2310 /* FetcherViewModel.swift in Sources */ = {isa = PBXBuildFile; fileRef = A34D906D29C28EDE002F2310 /* FetcherViewModel.swift */; };
		A34D907029C2918D002F2310 /* FetchView.swift in Sources */ = {isa = PBXBuildFile; fileRef = A34D906F29C2918D002F2310 /* FetchView.swift */; };
		A34D907229C2B1A9002F2310 /* StatusBar.swift in Sources */ = {isa = PBXBuildFile; fileRef = A34D907129C2B1A9002F2310 /* StatusBar.swift */; };
		A34D907429C2B52E002F2310 /* TimerView.swift in Sources */ = {isa = PBXBuildFile; fileRef = A34D907329C2B52E002F2310 /* TimerView.swift */; };
		A384EB2429BAFBC5005CC9E1 /* EthGasTrackerApp.swift in Sources */ = {isa = PBXBuildFile; fileRef = A384EB2329BAFBC5005CC9E1 /* EthGasTrackerApp.swift */; };
		A384EB2829BAFBC6005CC9E1 /* Assets.xcassets in Resources */ = {isa = PBXBuildFile; fileRef = A384EB2729BAFBC6005CC9E1 /* Assets.xcassets */; };
		A384EB2B29BAFBC6005CC9E1 /* Preview Assets.xcassets in Resources */ = {isa = PBXBuildFile; fileRef = A384EB2A29BAFBC6005CC9E1 /* Preview Assets.xcassets */; };
		A384EB3329BAFD3B005CC9E1 /* Gas.xcdatamodeld in Sources */ = {isa = PBXBuildFile; fileRef = A384EB3129BAFD3B005CC9E1 /* Gas.xcdatamodeld */; };
		A384EB3529BAFDA1005CC9E1 /* DataController.swift in Sources */ = {isa = PBXBuildFile; fileRef = A384EB3429BAFDA1005CC9E1 /* DataController.swift */; };
		A3E3655929BC39BC00DC3016 /* AppDelegate.swift in Sources */ = {isa = PBXBuildFile; fileRef = A3E3655829BC39BC00DC3016 /* AppDelegate.swift */; };
		A3E3655B29BD2EF800DC3016 /* Fetch.swift in Sources */ = {isa = PBXBuildFile; fileRef = A3E3655A29BD2EF800DC3016 /* Fetch.swift */; };
		A3E3655D29BD305F00DC3016 /* FetchStatusViewOld.swift in Sources */ = {isa = PBXBuildFile; fileRef = A3E3655C29BD305F00DC3016 /* FetchStatusViewOld.swift */; };
		A3E3656129BD46DF00DC3016 /* NetworkMonitor.swift in Sources */ = {isa = PBXBuildFile; fileRef = A3E3656029BD46DF00DC3016 /* NetworkMonitor.swift */; };
		A3E3656329BD476B00DC3016 /* ContentView.swift in Sources */ = {isa = PBXBuildFile; fileRef = A3E3656229BD476B00DC3016 /* ContentView.swift */; };
		A3E3656529BD51AB00DC3016 /* GasView.swift in Sources */ = {isa = PBXBuildFile; fileRef = A3E3656429BD51AB00DC3016 /* GasView.swift */; };
		A3E3656929BDE58A00DC3016 /* ChartView.swift in Sources */ = {isa = PBXBuildFile; fileRef = A3E3656829BDE58A00DC3016 /* ChartView.swift */; };
		A3F4BAD129C2441B003ABA1D /* Starscream in Frameworks */ = {isa = PBXBuildFile; productRef = A3F4BAD029C2441B003ABA1D /* Starscream */; };
/* End PBXBuildFile section */

/* Begin PBXFileReference section */
		A32173C529BE85B5005E8931 /* CardView.swift */ = {isa = PBXFileReference; lastKnownFileType = sourcecode.swift; path = CardView.swift; sourceTree = "<group>"; };
		A34D906D29C28EDE002F2310 /* FetcherViewModel.swift */ = {isa = PBXFileReference; lastKnownFileType = sourcecode.swift; path = FetcherViewModel.swift; sourceTree = "<group>"; };
		A34D906F29C2918D002F2310 /* FetchView.swift */ = {isa = PBXFileReference; lastKnownFileType = sourcecode.swift; path = FetchView.swift; sourceTree = "<group>"; };
		A34D907129C2B1A9002F2310 /* StatusBar.swift */ = {isa = PBXFileReference; lastKnownFileType = sourcecode.swift; path = StatusBar.swift; sourceTree = "<group>"; };
		A34D907329C2B52E002F2310 /* TimerView.swift */ = {isa = PBXFileReference; lastKnownFileType = sourcecode.swift; path = TimerView.swift; sourceTree = "<group>"; };
		A384EB2029BAFBC5005CC9E1 /* EthGasTracker.app */ = {isa = PBXFileReference; explicitFileType = wrapper.application; includeInIndex = 0; path = EthGasTracker.app; sourceTree = BUILT_PRODUCTS_DIR; };
		A384EB2329BAFBC5005CC9E1 /* EthGasTrackerApp.swift */ = {isa = PBXFileReference; lastKnownFileType = sourcecode.swift; path = EthGasTrackerApp.swift; sourceTree = "<group>"; };
		A384EB2729BAFBC6005CC9E1 /* Assets.xcassets */ = {isa = PBXFileReference; lastKnownFileType = folder.assetcatalog; path = Assets.xcassets; sourceTree = "<group>"; };
		A384EB2A29BAFBC6005CC9E1 /* Preview Assets.xcassets */ = {isa = PBXFileReference; lastKnownFileType = folder.assetcatalog; path = "Preview Assets.xcassets"; sourceTree = "<group>"; };
		A384EB3229BAFD3B005CC9E1 /* Gas.xcdatamodel */ = {isa = PBXFileReference; lastKnownFileType = wrapper.xcdatamodel; path = Gas.xcdatamodel; sourceTree = "<group>"; };
		A384EB3429BAFDA1005CC9E1 /* DataController.swift */ = {isa = PBXFileReference; lastKnownFileType = sourcecode.swift; path = DataController.swift; sourceTree = "<group>"; };
		A384EB3829BBE913005CC9E1 /* Info.plist */ = {isa = PBXFileReference; lastKnownFileType = text.plist; path = Info.plist; sourceTree = "<group>"; };
		A3E3655829BC39BC00DC3016 /* AppDelegate.swift */ = {isa = PBXFileReference; lastKnownFileType = sourcecode.swift; path = AppDelegate.swift; sourceTree = "<group>"; };
		A3E3655A29BD2EF800DC3016 /* Fetch.swift */ = {isa = PBXFileReference; lastKnownFileType = sourcecode.swift; path = Fetch.swift; sourceTree = "<group>"; };
		A3E3655C29BD305F00DC3016 /* FetchStatusViewOld.swift */ = {isa = PBXFileReference; lastKnownFileType = sourcecode.swift; path = FetchStatusViewOld.swift; sourceTree = "<group>"; };
		A3E3656029BD46DF00DC3016 /* NetworkMonitor.swift */ = {isa = PBXFileReference; lastKnownFileType = sourcecode.swift; path = NetworkMonitor.swift; sourceTree = "<group>"; };
		A3E3656229BD476B00DC3016 /* ContentView.swift */ = {isa = PBXFileReference; lastKnownFileType = sourcecode.swift; path = ContentView.swift; sourceTree = "<group>"; };
		A3E3656429BD51AB00DC3016 /* GasView.swift */ = {isa = PBXFileReference; lastKnownFileType = sourcecode.swift; path = GasView.swift; sourceTree = "<group>"; };
		A3E3656829BDE58A00DC3016 /* ChartView.swift */ = {isa = PBXFileReference; lastKnownFileType = sourcecode.swift; path = ChartView.swift; sourceTree = "<group>"; };
/* End PBXFileReference section */

/* Begin PBXFrameworksBuildPhase section */
		A384EB1D29BAFBC5005CC9E1 /* Frameworks */ = {
			isa = PBXFrameworksBuildPhase;
			buildActionMask = 2147483647;
			files = (
				A3F4BAD129C2441B003ABA1D /* Starscream in Frameworks */,
			);
			runOnlyForDeploymentPostprocessing = 0;
		};
/* End PBXFrameworksBuildPhase section */

/* Begin PBXGroup section */
		A384EB1729BAFBC5005CC9E1 = {
			isa = PBXGroup;
			children = (
				A384EB2229BAFBC5005CC9E1 /* EthGasTracker */,
				A384EB2129BAFBC5005CC9E1 /* Products */,
			);
			sourceTree = "<group>";
		};
		A384EB2129BAFBC5005CC9E1 /* Products */ = {
			isa = PBXGroup;
			children = (
				A384EB2029BAFBC5005CC9E1 /* EthGasTracker.app */,
			);
			name = Products;
			sourceTree = "<group>";
		};
		A384EB2229BAFBC5005CC9E1 /* EthGasTracker */ = {
			isa = PBXGroup;
			children = (
				A384EB3829BBE913005CC9E1 /* Info.plist */,
				A384EB2329BAFBC5005CC9E1 /* EthGasTrackerApp.swift */,
				A3E3656229BD476B00DC3016 /* ContentView.swift */,
				A34D907129C2B1A9002F2310 /* StatusBar.swift */,
				A32173C529BE85B5005E8931 /* CardView.swift */,
				A3E3656429BD51AB00DC3016 /* GasView.swift */,
				A3E3656829BDE58A00DC3016 /* ChartView.swift */,
				A3E3655C29BD305F00DC3016 /* FetchStatusViewOld.swift */,
				A34D907329C2B52E002F2310 /* TimerView.swift */,
				A34D906F29C2918D002F2310 /* FetchView.swift */,
				A34D906D29C28EDE002F2310 /* FetcherViewModel.swift */,
				A3E3655A29BD2EF800DC3016 /* Fetch.swift */,
				A3E3656029BD46DF00DC3016 /* NetworkMonitor.swift */,
				A3E3655829BC39BC00DC3016 /* AppDelegate.swift */,
				A384EB3429BAFDA1005CC9E1 /* DataController.swift */,
				A384EB3129BAFD3B005CC9E1 /* Gas.xcdatamodeld */,
				A384EB2729BAFBC6005CC9E1 /* Assets.xcassets */,
				A384EB2929BAFBC6005CC9E1 /* Preview Content */,
			);
			path = EthGasTracker;
			sourceTree = "<group>";
		};
		A384EB2929BAFBC6005CC9E1 /* Preview Content */ = {
			isa = PBXGroup;
			children = (
				A384EB2A29BAFBC6005CC9E1 /* Preview Assets.xcassets */,
			);
			path = "Preview Content";
			sourceTree = "<group>";
		};
/* End PBXGroup section */

/* Begin PBXNativeTarget section */
		A384EB1F29BAFBC5005CC9E1 /* EthGasTracker */ = {
			isa = PBXNativeTarget;
			buildConfigurationList = A384EB2E29BAFBC6005CC9E1 /* Build configuration list for PBXNativeTarget "EthGasTracker" */;
			buildPhases = (
				A384EB1C29BAFBC5005CC9E1 /* Sources */,
				A384EB1D29BAFBC5005CC9E1 /* Frameworks */,
				A384EB1E29BAFBC5005CC9E1 /* Resources */,
			);
			buildRules = (
			);
			dependencies = (
			);
			name = EthGasTracker;
			packageProductDependencies = (
				A3F4BAD029C2441B003ABA1D /* Starscream */,
			);
			productName = EthGasTracker;
			productReference = A384EB2029BAFBC5005CC9E1 /* EthGasTracker.app */;
			productType = "com.apple.product-type.application";
		};
/* End PBXNativeTarget section */

/* Begin PBXProject section */
		A384EB1829BAFBC5005CC9E1 /* Project object */ = {
			isa = PBXProject;
			attributes = {
				BuildIndependentTargetsInParallel = 1;
				LastSwiftUpdateCheck = 1410;
				LastUpgradeCheck = 1410;
				TargetAttributes = {
					A384EB1F29BAFBC5005CC9E1 = {
						CreatedOnToolsVersion = 14.1;
					};
				};
			};
			buildConfigurationList = A384EB1B29BAFBC5005CC9E1 /* Build configuration list for PBXProject "EthGasTracker" */;
			compatibilityVersion = "Xcode 14.0";
			developmentRegion = en;
			hasScannedForEncodings = 0;
			knownRegions = (
				en,
				Base,
			);
			mainGroup = A384EB1729BAFBC5005CC9E1;
			packageReferences = (
				A3F4BACF29C2441B003ABA1D /* XCRemoteSwiftPackageReference "Starscream" */,
			);
			productRefGroup = A384EB2129BAFBC5005CC9E1 /* Products */;
			projectDirPath = "";
			projectRoot = "";
			targets = (
				A384EB1F29BAFBC5005CC9E1 /* EthGasTracker */,
			);
		};
/* End PBXProject section */

/* Begin PBXResourcesBuildPhase section */
		A384EB1E29BAFBC5005CC9E1 /* Resources */ = {
			isa = PBXResourcesBuildPhase;
			buildActionMask = 2147483647;
			files = (
				A384EB2B29BAFBC6005CC9E1 /* Preview Assets.xcassets in Resources */,
				A384EB2829BAFBC6005CC9E1 /* Assets.xcassets in Resources */,
			);
			runOnlyForDeploymentPostprocessing = 0;
		};
/* End PBXResourcesBuildPhase section */

/* Begin PBXSourcesBuildPhase section */
		A384EB1C29BAFBC5005CC9E1 /* Sources */ = {
			isa = PBXSourcesBuildPhase;
			buildActionMask = 2147483647;
			files = (
				A34D907429C2B52E002F2310 /* TimerView.swift in Sources */,
				A3E3655B29BD2EF800DC3016 /* Fetch.swift in Sources */,
				A384EB3529BAFDA1005CC9E1 /* DataController.swift in Sources */,
				A3E3656329BD476B00DC3016 /* ContentView.swift in Sources */,
				A3E3656929BDE58A00DC3016 /* ChartView.swift in Sources */,
				A3E3655929BC39BC00DC3016 /* AppDelegate.swift in Sources */,
				A384EB2429BAFBC5005CC9E1 /* EthGasTrackerApp.swift in Sources */,
				A34D906E29C28EDE002F2310 /* FetcherViewModel.swift in Sources */,
				A34D907229C2B1A9002F2310 /* StatusBar.swift in Sources */,
				A3E3656529BD51AB00DC3016 /* GasView.swift in Sources */,
				A384EB3329BAFD3B005CC9E1 /* Gas.xcdatamodeld in Sources */,
				A3E3656129BD46DF00DC3016 /* NetworkMonitor.swift in Sources */,
				A32173C629BE85B5005E8931 /* CardView.swift in Sources */,
				A3E3655D29BD305F00DC3016 /* FetchStatusViewOld.swift in Sources */,
				A34D907029C2918D002F2310 /* FetchView.swift in Sources */,
			);
			runOnlyForDeploymentPostprocessing = 0;
		};
/* End PBXSourcesBuildPhase section */

/* Begin XCBuildConfiguration section */
		A384EB2C29BAFBC6005CC9E1 /* Debug */ = {
			isa = XCBuildConfiguration;
			buildSettings = {
				ALWAYS_SEARCH_USER_PATHS = NO;
				CLANG_ANALYZER_NONNULL = YES;
				CLANG_ANALYZER_NUMBER_OBJECT_CONVERSION = YES_AGGRESSIVE;
				CLANG_CXX_LANGUAGE_STANDARD = "gnu++20";
				CLANG_ENABLE_MODULES = YES;
				CLANG_ENABLE_OBJC_ARC = YES;
				CLANG_ENABLE_OBJC_WEAK = YES;
				CLANG_WARN_BLOCK_CAPTURE_AUTORELEASING = YES;
				CLANG_WARN_BOOL_CONVERSION = YES;
				CLANG_WARN_COMMA = YES;
				CLANG_WARN_CONSTANT_CONVERSION = YES;
				CLANG_WARN_DEPRECATED_OBJC_IMPLEMENTATIONS = YES;
				CLANG_WARN_DIRECT_OBJC_ISA_USAGE = YES_ERROR;
				CLANG_WARN_DOCUMENTATION_COMMENTS = YES;
				CLANG_WARN_EMPTY_BODY = YES;
				CLANG_WARN_ENUM_CONVERSION = YES;
				CLANG_WARN_INFINITE_RECURSION = YES;
				CLANG_WARN_INT_CONVERSION = YES;
				CLANG_WARN_NON_LITERAL_NULL_CONVERSION = YES;
				CLANG_WARN_OBJC_IMPLICIT_RETAIN_SELF = YES;
				CLANG_WARN_OBJC_LITERAL_CONVERSION = YES;
				CLANG_WARN_OBJC_ROOT_CLASS = YES_ERROR;
				CLANG_WARN_QUOTED_INCLUDE_IN_FRAMEWORK_HEADER = YES;
				CLANG_WARN_RANGE_LOOP_ANALYSIS = YES;
				CLANG_WARN_STRICT_PROTOTYPES = YES;
				CLANG_WARN_SUSPICIOUS_MOVE = YES;
				CLANG_WARN_UNGUARDED_AVAILABILITY = YES_AGGRESSIVE;
				CLANG_WARN_UNREACHABLE_CODE = YES;
				CLANG_WARN__DUPLICATE_METHOD_MATCH = YES;
				COPY_PHASE_STRIP = NO;
				DEBUG_INFORMATION_FORMAT = dwarf;
				ENABLE_STRICT_OBJC_MSGSEND = YES;
				ENABLE_TESTABILITY = YES;
				GCC_C_LANGUAGE_STANDARD = gnu11;
				GCC_DYNAMIC_NO_PIC = NO;
				GCC_NO_COMMON_BLOCKS = YES;
				GCC_OPTIMIZATION_LEVEL = 0;
				GCC_PREPROCESSOR_DEFINITIONS = (
					"DEBUG=1",
					"$(inherited)",
				);
				GCC_WARN_64_TO_32_BIT_CONVERSION = YES;
				GCC_WARN_ABOUT_RETURN_TYPE = YES_ERROR;
				GCC_WARN_UNDECLARED_SELECTOR = YES;
				GCC_WARN_UNINITIALIZED_AUTOS = YES_AGGRESSIVE;
				GCC_WARN_UNUSED_FUNCTION = YES;
				GCC_WARN_UNUSED_VARIABLE = YES;
				IPHONEOS_DEPLOYMENT_TARGET = 14.0;
				MTL_ENABLE_DEBUG_INFO = INCLUDE_SOURCE;
				MTL_FAST_MATH = YES;
				ONLY_ACTIVE_ARCH = YES;
				SDKROOT = iphoneos;
				SWIFT_ACTIVE_COMPILATION_CONDITIONS = DEBUG;
				SWIFT_OPTIMIZATION_LEVEL = "-Onone";
			};
			name = Debug;
		};
		A384EB2D29BAFBC6005CC9E1 /* Release */ = {
			isa = XCBuildConfiguration;
			buildSettings = {
				ALWAYS_SEARCH_USER_PATHS = NO;
				CLANG_ANALYZER_NONNULL = YES;
				CLANG_ANALYZER_NUMBER_OBJECT_CONVERSION = YES_AGGRESSIVE;
				CLANG_CXX_LANGUAGE_STANDARD = "gnu++20";
				CLANG_ENABLE_MODULES = YES;
				CLANG_ENABLE_OBJC_ARC = YES;
				CLANG_ENABLE_OBJC_WEAK = YES;
				CLANG_WARN_BLOCK_CAPTURE_AUTORELEASING = YES;
				CLANG_WARN_BOOL_CONVERSION = YES;
				CLANG_WARN_COMMA = YES;
				CLANG_WARN_CONSTANT_CONVERSION = YES;
				CLANG_WARN_DEPRECATED_OBJC_IMPLEMENTATIONS = YES;
				CLANG_WARN_DIRECT_OBJC_ISA_USAGE = YES_ERROR;
				CLANG_WARN_DOCUMENTATION_COMMENTS = YES;
				CLANG_WARN_EMPTY_BODY = YES;
				CLANG_WARN_ENUM_CONVERSION = YES;
				CLANG_WARN_INFINITE_RECURSION = YES;
				CLANG_WARN_INT_CONVERSION = YES;
				CLANG_WARN_NON_LITERAL_NULL_CONVERSION = YES;
				CLANG_WARN_OBJC_IMPLICIT_RETAIN_SELF = YES;
				CLANG_WARN_OBJC_LITERAL_CONVERSION = YES;
				CLANG_WARN_OBJC_ROOT_CLASS = YES_ERROR;
				CLANG_WARN_QUOTED_INCLUDE_IN_FRAMEWORK_HEADER = YES;
				CLANG_WARN_RANGE_LOOP_ANALYSIS = YES;
				CLANG_WARN_STRICT_PROTOTYPES = YES;
				CLANG_WARN_SUSPICIOUS_MOVE = YES;
				CLANG_WARN_UNGUARDED_AVAILABILITY = YES_AGGRESSIVE;
				CLANG_WARN_UNREACHABLE_CODE = YES;
				CLANG_WARN__DUPLICATE_METHOD_MATCH = YES;
				COPY_PHASE_STRIP = NO;
				DEBUG_INFORMATION_FORMAT = "dwarf-with-dsym";
				ENABLE_NS_ASSERTIONS = NO;
				ENABLE_STRICT_OBJC_MSGSEND = YES;
				GCC_C_LANGUAGE_STANDARD = gnu11;
				GCC_NO_COMMON_BLOCKS = YES;
				GCC_WARN_64_TO_32_BIT_CONVERSION = YES;
				GCC_WARN_ABOUT_RETURN_TYPE = YES_ERROR;
				GCC_WARN_UNDECLARED_SELECTOR = YES;
				GCC_WARN_UNINITIALIZED_AUTOS = YES_AGGRESSIVE;
				GCC_WARN_UNUSED_FUNCTION = YES;
				GCC_WARN_UNUSED_VARIABLE = YES;
				IPHONEOS_DEPLOYMENT_TARGET = 14.0;
				MTL_ENABLE_DEBUG_INFO = NO;
				MTL_FAST_MATH = YES;
				SDKROOT = iphoneos;
				SWIFT_COMPILATION_MODE = wholemodule;
				SWIFT_OPTIMIZATION_LEVEL = "-O";
				VALIDATE_PRODUCT = YES;
			};
			name = Release;
		};
		A384EB2F29BAFBC6005CC9E1 /* Debug */ = {
			isa = XCBuildConfiguration;
			buildSettings = {
				ASSETCATALOG_COMPILER_APPICON_NAME = AppIcon;
				ASSETCATALOG_COMPILER_GLOBAL_ACCENT_COLOR_NAME = AccentColor;
				CODE_SIGN_STYLE = Automatic;
				CURRENT_PROJECT_VERSION = 1;
				DEVELOPMENT_ASSET_PATHS = "\"EthGasTracker/Preview Content\"";
				DEVELOPMENT_TEAM = WGB8QNZPMK;
				ENABLE_PREVIEWS = YES;
				GENERATE_INFOPLIST_FILE = YES;
				INFOPLIST_FILE = EthGasTracker/Info.plist;
				INFOPLIST_KEY_CFBundleDisplayName = GAS;
				INFOPLIST_KEY_LSApplicationCategoryType = "public.app-category.finance";
				INFOPLIST_KEY_UIApplicationSupportsIndirectInputEvents = YES;
				INFOPLIST_KEY_UILaunchScreen_Generation = YES;
				INFOPLIST_KEY_UISupportedInterfaceOrientations = UIInterfaceOrientationPortrait;
				IPHONEOS_DEPLOYMENT_TARGET = 14.0;
				LD_RUNPATH_SEARCH_PATHS = (
					"$(inherited)",
					"@executable_path/Frameworks",
				);
				MARKETING_VERSION = 1.1.4;
				PRODUCT_BUNDLE_IDENTIFIER = TEMTEM.EthGasTracker;
				PRODUCT_NAME = "$(TARGET_NAME)";
				SUPPORTED_PLATFORMS = "iphoneos iphonesimulator";
				SUPPORTS_MACCATALYST = NO;
				SUPPORTS_MAC_DESIGNED_FOR_IPHONE_IPAD = NO;
				SWIFT_EMIT_LOC_STRINGS = YES;
				SWIFT_VERSION = 5.0;
				TARGETED_DEVICE_FAMILY = 1;
			};
			name = Debug;
		};
		A384EB3029BAFBC6005CC9E1 /* Release */ = {
			isa = XCBuildConfiguration;
			buildSettings = {
				ASSETCATALOG_COMPILER_APPICON_NAME = AppIcon;
				ASSETCATALOG_COMPILER_GLOBAL_ACCENT_COLOR_NAME = AccentColor;
				CODE_SIGN_STYLE = Automatic;
				CURRENT_PROJECT_VERSION = 1;
				DEVELOPMENT_ASSET_PATHS = "\"EthGasTracker/Preview Content\"";
				DEVELOPMENT_TEAM = WGB8QNZPMK;
				ENABLE_PREVIEWS = YES;
				GENERATE_INFOPLIST_FILE = YES;
				INFOPLIST_FILE = EthGasTracker/Info.plist;
				INFOPLIST_KEY_CFBundleDisplayName = GAS;
				INFOPLIST_KEY_LSApplicationCategoryType = "public.app-category.finance";
				INFOPLIST_KEY_UIApplicationSupportsIndirectInputEvents = YES;
				INFOPLIST_KEY_UILaunchScreen_Generation = YES;
				INFOPLIST_KEY_UISupportedInterfaceOrientations = UIInterfaceOrientationPortrait;
				IPHONEOS_DEPLOYMENT_TARGET = 14.0;
				LD_RUNPATH_SEARCH_PATHS = (
					"$(inherited)",
					"@executable_path/Frameworks",
				);
				MARKETING_VERSION = 1.1.4;
				PRODUCT_BUNDLE_IDENTIFIER = TEMTEM.EthGasTracker;
				PRODUCT_NAME = "$(TARGET_NAME)";
				SUPPORTED_PLATFORMS = "iphoneos iphonesimulator";
				SUPPORTS_MACCATALYST = NO;
				SUPPORTS_MAC_DESIGNED_FOR_IPHONE_IPAD = NO;
				SWIFT_EMIT_LOC_STRINGS = YES;
				SWIFT_VERSION = 5.0;
				TARGETED_DEVICE_FAMILY = 1;
			};
			name = Release;
		};
/* End XCBuildConfiguration section */

/* Begin XCConfigurationList section */
		A384EB1B29BAFBC5005CC9E1 /* Build configuration list for PBXProject "EthGasTracker" */ = {
			isa = XCConfigurationList;
			buildConfigurations = (
				A384EB2C29BAFBC6005CC9E1 /* Debug */,
				A384EB2D29BAFBC6005CC9E1 /* Release */,
			);
			defaultConfigurationIsVisible = 0;
			defaultConfigurationName = Release;
		};
		A384EB2E29BAFBC6005CC9E1 /* Build configuration list for PBXNativeTarget "EthGasTracker" */ = {
			isa = XCConfigurationList;
			buildConfigurations = (
				A384EB2F29BAFBC6005CC9E1 /* Debug */,
				A384EB3029BAFBC6005CC9E1 /* Release */,
			);
			defaultConfigurationIsVisible = 0;
			defaultConfigurationName = Release;
		};
/* End XCConfigurationList section */

/* Begin XCRemoteSwiftPackageReference section */
		A3F4BACF29C2441B003ABA1D /* XCRemoteSwiftPackageReference "Starscream" */ = {
			isa = XCRemoteSwiftPackageReference;
			repositoryURL = "https://github.com/daltoniam/Starscream.git";
			requirement = {
				kind = upToNextMajorVersion;
				minimumVersion = 4.0.0;
			};
		};
/* End XCRemoteSwiftPackageReference section */

/* Begin XCSwiftPackageProductDependency section */
		A3F4BAD029C2441B003ABA1D /* Starscream */ = {
			isa = XCSwiftPackageProductDependency;
			package = A3F4BACF29C2441B003ABA1D /* XCRemoteSwiftPackageReference "Starscream" */;
			productName = Starscream;
		};
/* End XCSwiftPackageProductDependency section */

/* Begin XCVersionGroup section */
		A384EB3129BAFD3B005CC9E1 /* Gas.xcdatamodeld */ = {
			isa = XCVersionGroup;
			children = (
				A384EB3229BAFD3B005CC9E1 /* Gas.xcdatamodel */,
			);
			currentVersion = A384EB3229BAFD3B005CC9E1 /* Gas.xcdatamodel */;
			path = Gas.xcdatamodeld;
			sourceTree = "<group>";
			versionGroupType = wrapper.xcdatamodel;
		};
/* End XCVersionGroup section */
	};
	rootObject = A384EB1829BAFBC5005CC9E1 /* Project object */;
}
