// !$*UTF8*$!
{
	archiveVersion = 1;
	classes = {
	};
	objectVersion = 56;
	objects = {

/* Begin PBXBuildFile section */
		A317CCF029CBF497001B8492 /* lightweight.gif in Resources */ = {isa = PBXBuildFile; fileRef = A317CCEF29CBF497001B8492 /* lightweight.gif */; };
		A31D22762B098987008464DB /* GAS ALERT Ethereum Gas Tracker.storekit in Resources */ = {isa = PBXBuildFile; fileRef = A31D22752B098987008464DB /* GAS ALERT Ethereum Gas Tracker.storekit */; };
		A31D22772B098987008464DB /* GAS ALERT Ethereum Gas Tracker.storekit in Resources */ = {isa = PBXBuildFile; fileRef = A31D22752B098987008464DB /* GAS ALERT Ethereum Gas Tracker.storekit */; };
		A31D22792B098BFE008464DB /* StoreVM.swift in Sources */ = {isa = PBXBuildFile; fileRef = A31D22782B098BFE008464DB /* StoreVM.swift */; };
		A31D227B2B098C52008464DB /* SubscriptionView.swift in Sources */ = {isa = PBXBuildFile; fileRef = A31D227A2B098C52008464DB /* SubscriptionView.swift */; };
		A31D227D2B099EB9008464DB /* TimeRangePicker.swift in Sources */ = {isa = PBXBuildFile; fileRef = A31D227C2B099EB9008464DB /* TimeRangePicker.swift */; };
		A31D227F2B0A9A72008464DB /* HelperViews.swift in Sources */ = {isa = PBXBuildFile; fileRef = A31D227E2B0A9A72008464DB /* HelperViews.swift */; };
		A320810C2A42680D00857E02 /* EthGasWidgetSmall.swift in Sources */ = {isa = PBXBuildFile; fileRef = A320810B2A42680D00857E02 /* EthGasWidgetSmall.swift */; };
		A320810E2A426D4900857E02 /* EthGasWidgetHigh2.swift in Sources */ = {isa = PBXBuildFile; fileRef = A320810D2A426D4900857E02 /* EthGasWidgetHigh2.swift */; };
		A32081102A42718D00857E02 /* GridView.swift in Sources */ = {isa = PBXBuildFile; fileRef = A320810F2A42718D00857E02 /* GridView.swift */; };
		A32081122A427AE800857E02 /* EthGasWidgetLarge.swift in Sources */ = {isa = PBXBuildFile; fileRef = A32081112A427AE800857E02 /* EthGasWidgetLarge.swift */; };
		A32081142A427E2100857E02 /* EthGasWidgetMedium.swift in Sources */ = {isa = PBXBuildFile; fileRef = A32081132A427E2100857E02 /* EthGasWidgetMedium.swift */; };
		A32081162A42922D00857E02 /* SettingsView.swift in Sources */ = {isa = PBXBuildFile; fileRef = A32081152A42922D00857E02 /* SettingsView.swift */; };
		A32081182A42A36200857E02 /* FeedbackButtonView.swift in Sources */ = {isa = PBXBuildFile; fileRef = A32081172A42A36200857E02 /* FeedbackButtonView.swift */; };
		A320811A2A43C85E00857E02 /* MessagesView.swift in Sources */ = {isa = PBXBuildFile; fileRef = A32081192A43C85E00857E02 /* MessagesView.swift */; };
		A32A16462A06A9F700F04CC7 /* AvgChart.swift in Sources */ = {isa = PBXBuildFile; fileRef = A32A16452A06A9F700F04CC7 /* AvgChart.swift */; };
		A32E564D2A80938300786382 /* TimestampView.swift in Sources */ = {isa = PBXBuildFile; fileRef = A32E564C2A80938300786382 /* TimestampView.swift */; };
		A33250382AA294D000A5B6B3 /* GoogleService-Info.plist in Resources */ = {isa = PBXBuildFile; fileRef = A33250372AA294D000A5B6B3 /* GoogleService-Info.plist */; };
		A33250392AA294D000A5B6B3 /* GoogleService-Info.plist in Resources */ = {isa = PBXBuildFile; fileRef = A33250372AA294D000A5B6B3 /* GoogleService-Info.plist */; };
		A332503C2AA2958E00A5B6B3 /* FirebaseAnalytics in Frameworks */ = {isa = PBXBuildFile; productRef = A332503B2AA2958E00A5B6B3 /* FirebaseAnalytics */; };
		A332503E2AA2958E00A5B6B3 /* FirebaseAnalyticsWithoutAdIdSupport in Frameworks */ = {isa = PBXBuildFile; productRef = A332503D2AA2958E00A5B6B3 /* FirebaseAnalyticsWithoutAdIdSupport */; };
		A33250402AA392AE00A5B6B3 /* GasIndexProvider.swift in Sources */ = {isa = PBXBuildFile; fileRef = A332503F2AA392AE00A5B6B3 /* GasIndexProvider.swift */; };
		A33250412AA392AE00A5B6B3 /* GasIndexProvider.swift in Sources */ = {isa = PBXBuildFile; fileRef = A332503F2AA392AE00A5B6B3 /* GasIndexProvider.swift */; };
		A33250432AA3972B00A5B6B3 /* ServerMessageView.swift in Sources */ = {isa = PBXBuildFile; fileRef = A33250422AA3972B00A5B6B3 /* ServerMessageView.swift */; };
		A33250442AA3972B00A5B6B3 /* ServerMessageView.swift in Sources */ = {isa = PBXBuildFile; fileRef = A33250422AA3972B00A5B6B3 /* ServerMessageView.swift */; };
		A33ABB2C2A46531E00D27DC8 /* ChangelogView.swift in Sources */ = {isa = PBXBuildFile; fileRef = A33ABB2B2A46531E00D27DC8 /* ChangelogView.swift */; };
		A33AFD892A92F6D9008AE58D /* MainFocusView.swift in Sources */ = {isa = PBXBuildFile; fileRef = A33AFD882A92F6D9008AE58D /* MainFocusView.swift */; };
		A33AFD8B2A92F78B008AE58D /* StyledTextView.swift in Sources */ = {isa = PBXBuildFile; fileRef = A33AFD8A2A92F78B008AE58D /* StyledTextView.swift */; };
		A33AFD8D2A930068008AE58D /* GasIndexFocus.swift in Sources */ = {isa = PBXBuildFile; fileRef = A33AFD8C2A930068008AE58D /* GasIndexFocus.swift */; };
		A33AFD902A930133008AE58D /* ActionsListFocusView.swift in Sources */ = {isa = PBXBuildFile; fileRef = A33AFD8F2A930133008AE58D /* ActionsListFocusView.swift */; };
		A33AFD922A930BC3008AE58D /* GasIndexChartFocus.swift in Sources */ = {isa = PBXBuildFile; fileRef = A33AFD912A930BC3008AE58D /* GasIndexChartFocus.swift */; };
		A33DFFC42AFF12FC007CE775 /* GasLevelExplainerView.swift in Sources */ = {isa = PBXBuildFile; fileRef = A33DFFC32AFF12FC007CE775 /* GasLevelExplainerView.swift */; };
		A34D906E29C28EDE002F2310 /* FetcherViewModel.swift in Sources */ = {isa = PBXBuildFile; fileRef = A34D906D29C28EDE002F2310 /* FetcherViewModel.swift */; };
		A34D907029C2918D002F2310 /* FetchView.swift in Sources */ = {isa = PBXBuildFile; fileRef = A34D906F29C2918D002F2310 /* FetchView.swift */; };
		A34D907229C2B1A9002F2310 /* StatusBar.swift in Sources */ = {isa = PBXBuildFile; fileRef = A34D907129C2B1A9002F2310 /* StatusBar.swift */; };
		A34D907429C2B52E002F2310 /* TimerView.swift in Sources */ = {isa = PBXBuildFile; fileRef = A34D907329C2B52E002F2310 /* TimerView.swift */; };
		A3501C8C2A35F79600057C1C /* FetcherViewModel.swift in Sources */ = {isa = PBXBuildFile; fileRef = A34D906D29C28EDE002F2310 /* FetcherViewModel.swift */; };
		A3501C8D2A35F8BA00057C1C /* AvgChart.swift in Sources */ = {isa = PBXBuildFile; fileRef = A32A16452A06A9F700F04CC7 /* AvgChart.swift */; };
		A3501C8F2A361C1600057C1C /* Assets.xcassets in Resources */ = {isa = PBXBuildFile; fileRef = A384EB2729BAFBC6005CC9E1 /* Assets.xcassets */; };
		A3501C922A36A15200057C1C /* EthGasWidgetLow.swift in Sources */ = {isa = PBXBuildFile; fileRef = A3501C902A36A15200057C1C /* EthGasWidgetLow.swift */; };
		A3501C932A36A32600057C1C /* LowChart.swift in Sources */ = {isa = PBXBuildFile; fileRef = A3A4D4E02A082E47008E4CE7 /* LowChart.swift */; };
		A3501C952A36A70C00057C1C /* EthGasWidgetHigh.swift in Sources */ = {isa = PBXBuildFile; fileRef = A3501C942A36A70C00057C1C /* EthGasWidgetHigh.swift */; };
		A3501C962A36A75400057C1C /* HighChart.swift in Sources */ = {isa = PBXBuildFile; fileRef = A3A4D4E22A0835C2008E4CE7 /* HighChart.swift */; };
		A3501C982A36AAE600057C1C /* EthGasWidgetAll.swift in Sources */ = {isa = PBXBuildFile; fileRef = A3501C972A36AAE600057C1C /* EthGasWidgetAll.swift */; };
		A3501C9A2A36B47700057C1C /* LockScreenWidget.swift in Sources */ = {isa = PBXBuildFile; fileRef = A3501C992A36B47700057C1C /* LockScreenWidget.swift */; };
		A36781F62A7E847D006B3149 /* API_v1.swift in Sources */ = {isa = PBXBuildFile; fileRef = A36781F52A7E847D006B3149 /* API_v1.swift */; };
		A36781F72A7E847D006B3149 /* API_v1.swift in Sources */ = {isa = PBXBuildFile; fileRef = A36781F52A7E847D006B3149 /* API_v1.swift */; };
		A36781FA2A7E8AD8006B3149 /* DataManager.swift in Sources */ = {isa = PBXBuildFile; fileRef = A36781F92A7E8AD8006B3149 /* DataManager.swift */; };
		A36781FB2A7E8AD8006B3149 /* DataManager.swift in Sources */ = {isa = PBXBuildFile; fileRef = A36781F92A7E8AD8006B3149 /* DataManager.swift */; };
		A36781FD2A7E8B25006B3149 /* CoreDataHandler.swift in Sources */ = {isa = PBXBuildFile; fileRef = A36781FC2A7E8B25006B3149 /* CoreDataHandler.swift */; };
		A36781FE2A7E8B25006B3149 /* CoreDataHandler.swift in Sources */ = {isa = PBXBuildFile; fileRef = A36781FC2A7E8B25006B3149 /* CoreDataHandler.swift */; };
		A36F08622A8C17C7009A4A36 /* AlertConditionView.swift in Sources */ = {isa = PBXBuildFile; fileRef = A36F08612A8C17C7009A4A36 /* AlertConditionView.swift */; };
		A376B17E2AA808BE005BB320 /* DiffValueView.swift in Sources */ = {isa = PBXBuildFile; fileRef = A376B17D2AA808BE005BB320 /* DiffValueView.swift */; };
		A376B1802AA81274005BB320 /* GasScale.swift in Sources */ = {isa = PBXBuildFile; fileRef = A376B17F2AA81274005BB320 /* GasScale.swift */; };
		A37D69152A1E35F500ECF1CA /* AlertsLimitPicker.swift in Sources */ = {isa = PBXBuildFile; fileRef = A37D69142A1E35F500ECF1CA /* AlertsLimitPicker.swift */; };
		A384EB2429BAFBC5005CC9E1 /* EthGasTrackerApp.swift in Sources */ = {isa = PBXBuildFile; fileRef = A384EB2329BAFBC5005CC9E1 /* EthGasTrackerApp.swift */; };
		A384EB2829BAFBC6005CC9E1 /* Assets.xcassets in Resources */ = {isa = PBXBuildFile; fileRef = A384EB2729BAFBC6005CC9E1 /* Assets.xcassets */; };
		A384EB2B29BAFBC6005CC9E1 /* Preview Assets.xcassets in Resources */ = {isa = PBXBuildFile; fileRef = A384EB2A29BAFBC6005CC9E1 /* Preview Assets.xcassets */; };
		A384EB3529BAFDA1005CC9E1 /* DataController.swift in Sources */ = {isa = PBXBuildFile; fileRef = A384EB3429BAFDA1005CC9E1 /* DataController.swift */; };
		A384F2832A83180000357771 /* GasIndexChart.swift in Sources */ = {isa = PBXBuildFile; fileRef = A384F2822A83180000357771 /* GasIndexChart.swift */; };
		A384F2852A832AD900357771 /* IsFastMainTogglerView.swift in Sources */ = {isa = PBXBuildFile; fileRef = A384F2842A832AD900357771 /* IsFastMainTogglerView.swift */; };
		A384F2872A83C07A00357771 /* EnableLegacyGasView.swift in Sources */ = {isa = PBXBuildFile; fileRef = A384F2862A83C07A00357771 /* EnableLegacyGasView.swift */; };
		A384F2892A83CE0F00357771 /* ActionEntity.swift in Sources */ = {isa = PBXBuildFile; fileRef = A384F2882A83CE0F00357771 /* ActionEntity.swift */; };
		A384F28A2A83D27A00357771 /* ActionEntity.swift in Sources */ = {isa = PBXBuildFile; fileRef = A384F2882A83CE0F00357771 /* ActionEntity.swift */; };
		A384F28E2A83D39300357771 /* EthPriceChart.swift in Sources */ = {isa = PBXBuildFile; fileRef = A384F28D2A83D39300357771 /* EthPriceChart.swift */; };
		A38C56562A12C7C5004ABF21 /* WidgetKit.framework in Frameworks */ = {isa = PBXBuildFile; fileRef = A38C56552A12C7C5004ABF21 /* WidgetKit.framework */; };
		A38C56582A12C7C5004ABF21 /* SwiftUI.framework in Frameworks */ = {isa = PBXBuildFile; fileRef = A38C56572A12C7C5004ABF21 /* SwiftUI.framework */; };
		A38C565B2A12C7C5004ABF21 /* EthGasWidgetBundle.swift in Sources */ = {isa = PBXBuildFile; fileRef = A38C565A2A12C7C5004ABF21 /* EthGasWidgetBundle.swift */; };
		A38C565D2A12C7C5004ABF21 /* EthGasWidgetLiveActivity.swift in Sources */ = {isa = PBXBuildFile; fileRef = A38C565C2A12C7C5004ABF21 /* EthGasWidgetLiveActivity.swift */; };
		A38C565F2A12C7C5004ABF21 /* EthGasWidget.swift in Sources */ = {isa = PBXBuildFile; fileRef = A38C565E2A12C7C5004ABF21 /* EthGasWidget.swift */; };
		A38C56612A12C7C6004ABF21 /* Assets.xcassets in Resources */ = {isa = PBXBuildFile; fileRef = A38C56602A12C7C6004ABF21 /* Assets.xcassets */; };
		A38C56652A12C7C6004ABF21 /* EthGasWidgetExtension.appex in Embed Foundation Extensions */ = {isa = PBXBuildFile; fileRef = A38C56532A12C7C5004ABF21 /* EthGasWidgetExtension.appex */; settings = {ATTRIBUTES = (RemoveHeadersOnCopy, ); }; };
		A38C566C2A12D39F004ABF21 /* Fetch.swift in Sources */ = {isa = PBXBuildFile; fileRef = A3E3655A29BD2EF800DC3016 /* Fetch.swift */; };
		A394E00329EA467100E45DEF /* PlainGasView.swift in Sources */ = {isa = PBXBuildFile; fileRef = A394E00229EA467100E45DEF /* PlainGasView.swift */; };
		A394E00529EA4C8D00E45DEF /* NotificationView.swift in Sources */ = {isa = PBXBuildFile; fileRef = A394E00429EA4C8D00E45DEF /* NotificationView.swift */; };
		A394E00A29EA505000E45DEF /* SendThreshold.swift in Sources */ = {isa = PBXBuildFile; fileRef = A394E00929EA505000E45DEF /* SendThreshold.swift */; };
		A394E00E29EA54B300E45DEF /* NotificationDelegate.swift in Sources */ = {isa = PBXBuildFile; fileRef = A394E00D29EA54B300E45DEF /* NotificationDelegate.swift */; };
		A394E01029EA55F400E45DEF /* NotificationManager.swift in Sources */ = {isa = PBXBuildFile; fileRef = A394E00F29EA55F400E45DEF /* NotificationManager.swift */; };
		A394E01629EB1AE000E45DEF /* ThresholdStorage.swift in Sources */ = {isa = PBXBuildFile; fileRef = A394E01529EB1AE000E45DEF /* ThresholdStorage.swift */; };
		A3A4D4E12A082E47008E4CE7 /* LowChart.swift in Sources */ = {isa = PBXBuildFile; fileRef = A3A4D4E02A082E47008E4CE7 /* LowChart.swift */; };
		A3A4D4E32A0835C2008E4CE7 /* HighChart.swift in Sources */ = {isa = PBXBuildFile; fileRef = A3A4D4E22A0835C2008E4CE7 /* HighChart.swift */; };
		A3A4D4E52A084FA6008E4CE7 /* BarsChart.swift in Sources */ = {isa = PBXBuildFile; fileRef = A3A4D4E42A084FA6008E4CE7 /* BarsChart.swift */; };
		A3B253B62A7E9BBD007C668A /* Gas.xcdatamodeld in Sources */ = {isa = PBXBuildFile; fileRef = A384EB3129BAFD3B005CC9E1 /* Gas.xcdatamodeld */; };
		A3B253B72A7E9BBD007C668A /* Gas.xcdatamodeld in Sources */ = {isa = PBXBuildFile; fileRef = A384EB3129BAFD3B005CC9E1 /* Gas.xcdatamodeld */; };
		A3B253BC2A7EB5FB007C668A /* MainView.swift in Sources */ = {isa = PBXBuildFile; fileRef = A3B253BB2A7EB5FB007C668A /* MainView.swift */; };
		A3B253BF2A7EC2B0007C668A /* ColorSchemePickerView.swift in Sources */ = {isa = PBXBuildFile; fileRef = A3B253BE2A7EC2B0007C668A /* ColorSchemePickerView.swift */; };
		A3B253C22A7EC40E007C668A /* MenuBar.swift in Sources */ = {isa = PBXBuildFile; fileRef = A3B253C12A7EC40E007C668A /* MenuBar.swift */; };
		A3B253C52A7ED04F007C668A /* RepeatingTask.swift in Sources */ = {isa = PBXBuildFile; fileRef = A3B253C42A7ED04F007C668A /* RepeatingTask.swift */; };
		A3B253C72A7ED813007C668A /* EthPriceView.swift in Sources */ = {isa = PBXBuildFile; fileRef = A3B253C62A7ED813007C668A /* EthPriceView.swift */; };
		A3B253C92A7F0C67007C668A /* NormalFastView.swift in Sources */ = {isa = PBXBuildFile; fileRef = A3B253C82A7F0C67007C668A /* NormalFastView.swift */; };
		A3B253CB2A7F0D5E007C668A /* LegacyGasPriceView.swift in Sources */ = {isa = PBXBuildFile; fileRef = A3B253CA2A7F0D5E007C668A /* LegacyGasPriceView.swift */; };
		A3B253CF2A7F122E007C668A /* GasPriceView.swift in Sources */ = {isa = PBXBuildFile; fileRef = A3B253CE2A7F122E007C668A /* GasPriceView.swift */; };
		A3B253D12A7F1276007C668A /* ActionsGridView.swift in Sources */ = {isa = PBXBuildFile; fileRef = A3B253D02A7F1276007C668A /* ActionsGridView.swift */; };
		A3B95EDA2AA3ED420010657A /* Snappable in Frameworks */ = {isa = PBXBuildFile; productRef = A3B95ED92AA3ED420010657A /* Snappable */; };
		A3B95EDC2AA3F0030010657A /* Snappable in Frameworks */ = {isa = PBXBuildFile; productRef = A3B95EDB2AA3F0030010657A /* Snappable */; };
		A3B95EE02AA462590010657A /* Launch Screen.storyboard in Resources */ = {isa = PBXBuildFile; fileRef = A3B95EDF2AA462590010657A /* Launch Screen.storyboard */; };
		A3CB1FDF29EC6C6D006A52A5 /* ThresholdInputView.swift in Sources */ = {isa = PBXBuildFile; fileRef = A3CB1FDE29EC6C6D006A52A5 /* ThresholdInputView.swift */; };
		A3CB1FE129EC7195006A52A5 /* ThresholdListView.swift in Sources */ = {isa = PBXBuildFile; fileRef = A3CB1FE029EC7195006A52A5 /* ThresholdListView.swift */; };
		A3CB6BD32A9E931A00DE3DD4 /* StatsGraph.swift in Sources */ = {isa = PBXBuildFile; fileRef = A3CB6BD22A9E931A00DE3DD4 /* StatsGraph.swift */; };
		A3D1FEA72B0093D300CD795D /* APIv2.swift in Sources */ = {isa = PBXBuildFile; fileRef = A3F2C83F2AF8071800A351C3 /* APIv2.swift */; };
		A3D1FEAA2B00980C00CD795D /* File.swift in Sources */ = {isa = PBXBuildFile; fileRef = A3D1FEA92B00980C00CD795D /* File.swift */; };
		A3D1FEAB2B00980C00CD795D /* File.swift in Sources */ = {isa = PBXBuildFile; fileRef = A3D1FEA92B00980C00CD795D /* File.swift */; };
		A3D357F52A8B051B000CD883 /* AlertFormView.swift in Sources */ = {isa = PBXBuildFile; fileRef = A3D357F42A8B051B000CD883 /* AlertFormView.swift */; };
		A3DB1D672A0E4DA500372A58 /* HeatMap.swift in Sources */ = {isa = PBXBuildFile; fileRef = A3DB1D662A0E4DA500372A58 /* HeatMap.swift */; };
		A3DB1D692A0E75EE00372A58 /* HeatMapView.swift in Sources */ = {isa = PBXBuildFile; fileRef = A3DB1D682A0E75EE00372A58 /* HeatMapView.swift */; };
		A3E3655929BC39BC00DC3016 /* AppDelegate.swift in Sources */ = {isa = PBXBuildFile; fileRef = A3E3655829BC39BC00DC3016 /* AppDelegate.swift */; };
		A3E3655B29BD2EF800DC3016 /* Fetch.swift in Sources */ = {isa = PBXBuildFile; fileRef = A3E3655A29BD2EF800DC3016 /* Fetch.swift */; };
		A3E3656129BD46DF00DC3016 /* NetworkMonitor.swift in Sources */ = {isa = PBXBuildFile; fileRef = A3E3656029BD46DF00DC3016 /* NetworkMonitor.swift */; };
		A3E3656329BD476B00DC3016 /* ContentView.swift in Sources */ = {isa = PBXBuildFile; fileRef = A3E3656229BD476B00DC3016 /* ContentView.swift */; };
		A3EB2A2B2A8582B2004583B3 /* GasTabView.swift in Sources */ = {isa = PBXBuildFile; fileRef = A3EB2A2A2A8582B2004583B3 /* GasTabView.swift */; };
		A3EB2A2D2A858422004583B3 /* ActionsTabView.swift in Sources */ = {isa = PBXBuildFile; fileRef = A3EB2A2C2A858422004583B3 /* ActionsTabView.swift */; };
		A3EB2A2F2A8585F5004583B3 /* GasIndexChartMini.swift in Sources */ = {isa = PBXBuildFile; fileRef = A3EB2A2E2A8585F5004583B3 /* GasIndexChartMini.swift */; };
		A3EB2A322A85872E004583B3 /* GasPriceMiniView.swift in Sources */ = {isa = PBXBuildFile; fileRef = A3EB2A312A85872E004583B3 /* GasPriceMiniView.swift */; };
		A3EB2A342A87332F004583B3 /* SettingsTabView.swift in Sources */ = {isa = PBXBuildFile; fileRef = A3EB2A332A87332F004583B3 /* SettingsTabView.swift */; };
		A3EB2A362A886FF9004583B3 /* GasTrendsView.swift in Sources */ = {isa = PBXBuildFile; fileRef = A3EB2A352A886FF9004583B3 /* GasTrendsView.swift */; };
		A3EB2A392A887970004583B3 /* AlertsTabView.swift in Sources */ = {isa = PBXBuildFile; fileRef = A3EB2A382A887970004583B3 /* AlertsTabView.swift */; };
		A3F2C83E2AF71AE000A351C3 /* API_v1_widgetProvider.swift in Sources */ = {isa = PBXBuildFile; fileRef = A3F2C83D2AF71AE000A351C3 /* API_v1_widgetProvider.swift */; };
		A3F2C8402AF8071800A351C3 /* APIv2.swift in Sources */ = {isa = PBXBuildFile; fileRef = A3F2C83F2AF8071800A351C3 /* APIv2.swift */; };
		A3F2C8432AF809F800A351C3 /* API_v2_Models.swift in Sources */ = {isa = PBXBuildFile; fileRef = A3F2C8422AF809F800A351C3 /* API_v2_Models.swift */; };
		A3F2C8442AF809F800A351C3 /* API_v2_Models.swift in Sources */ = {isa = PBXBuildFile; fileRef = A3F2C8422AF809F800A351C3 /* API_v2_Models.swift */; };
		A3F2CF1F2B252A6E00E6FDDD /* CurrencyList.json in Resources */ = {isa = PBXBuildFile; fileRef = A3F2CF1E2B252A6E00E6FDDD /* CurrencyList.json */; };
		A3F2CF202B252A6E00E6FDDD /* CurrencyList.json in Resources */ = {isa = PBXBuildFile; fileRef = A3F2CF1E2B252A6E00E6FDDD /* CurrencyList.json */; };
		A3F2CF232B2530E300E6FDDD /* Currency.swift in Sources */ = {isa = PBXBuildFile; fileRef = A3F2CF222B2530E300E6FDDD /* Currency.swift */; };
		A3F2CF242B2530E300E6FDDD /* Currency.swift in Sources */ = {isa = PBXBuildFile; fileRef = A3F2CF222B2530E300E6FDDD /* Currency.swift */; };
		A3F2CF262B2531D400E6FDDD /* CurrencyListView.swift in Sources */ = {isa = PBXBuildFile; fileRef = A3F2CF252B2531D400E6FDDD /* CurrencyListView.swift */; };
		A3F731EF2A11CD4200AB10D2 /* Helpers.swift in Sources */ = {isa = PBXBuildFile; fileRef = A3F731EE2A11CD4200AB10D2 /* Helpers.swift */; };
/* End PBXBuildFile section */

/* Begin PBXContainerItemProxy section */
		A38C56632A12C7C6004ABF21 /* PBXContainerItemProxy */ = {
			isa = PBXContainerItemProxy;
			containerPortal = A384EB1829BAFBC5005CC9E1 /* Project object */;
			proxyType = 1;
			remoteGlobalIDString = A38C56522A12C7C5004ABF21;
			remoteInfo = EthGasWidgetExtension;
		};
/* End PBXContainerItemProxy section */

/* Begin PBXCopyFilesBuildPhase section */
		A38C56662A12C7C6004ABF21 /* Embed Foundation Extensions */ = {
			isa = PBXCopyFilesBuildPhase;
			buildActionMask = 2147483647;
			dstPath = "";
			dstSubfolderSpec = 13;
			files = (
				A38C56652A12C7C6004ABF21 /* EthGasWidgetExtension.appex in Embed Foundation Extensions */,
			);
			name = "Embed Foundation Extensions";
			runOnlyForDeploymentPostprocessing = 0;
		};
/* End PBXCopyFilesBuildPhase section */

/* Begin PBXFileReference section */
		A317CCEF29CBF497001B8492 /* lightweight.gif */ = {isa = PBXFileReference; lastKnownFileType = image.gif; name = lightweight.gif; path = ../../../../../Downloads/lightweight.gif; sourceTree = "<group>"; };
		A31D22752B098987008464DB /* GAS ALERT Ethereum Gas Tracker.storekit */ = {isa = PBXFileReference; lastKnownFileType = text; path = "GAS ALERT Ethereum Gas Tracker.storekit"; sourceTree = "<group>"; };
		A31D22782B098BFE008464DB /* StoreVM.swift */ = {isa = PBXFileReference; lastKnownFileType = sourcecode.swift; path = StoreVM.swift; sourceTree = "<group>"; };
		A31D227A2B098C52008464DB /* SubscriptionView.swift */ = {isa = PBXFileReference; lastKnownFileType = sourcecode.swift; path = SubscriptionView.swift; sourceTree = "<group>"; };
		A31D227C2B099EB9008464DB /* TimeRangePicker.swift */ = {isa = PBXFileReference; lastKnownFileType = sourcecode.swift; path = TimeRangePicker.swift; sourceTree = "<group>"; };
		A31D227E2B0A9A72008464DB /* HelperViews.swift */ = {isa = PBXFileReference; lastKnownFileType = sourcecode.swift; path = HelperViews.swift; sourceTree = "<group>"; };
		A320810B2A42680D00857E02 /* EthGasWidgetSmall.swift */ = {isa = PBXFileReference; lastKnownFileType = sourcecode.swift; path = EthGasWidgetSmall.swift; sourceTree = "<group>"; };
		A320810D2A426D4900857E02 /* EthGasWidgetHigh2.swift */ = {isa = PBXFileReference; lastKnownFileType = sourcecode.swift; path = EthGasWidgetHigh2.swift; sourceTree = "<group>"; };
		A320810F2A42718D00857E02 /* GridView.swift */ = {isa = PBXFileReference; lastKnownFileType = sourcecode.swift; path = GridView.swift; sourceTree = "<group>"; };
		A32081112A427AE800857E02 /* EthGasWidgetLarge.swift */ = {isa = PBXFileReference; lastKnownFileType = sourcecode.swift; path = EthGasWidgetLarge.swift; sourceTree = "<group>"; };
		A32081132A427E2100857E02 /* EthGasWidgetMedium.swift */ = {isa = PBXFileReference; lastKnownFileType = sourcecode.swift; path = EthGasWidgetMedium.swift; sourceTree = "<group>"; };
		A32081152A42922D00857E02 /* SettingsView.swift */ = {isa = PBXFileReference; lastKnownFileType = sourcecode.swift; path = SettingsView.swift; sourceTree = "<group>"; };
		A32081172A42A36200857E02 /* FeedbackButtonView.swift */ = {isa = PBXFileReference; lastKnownFileType = sourcecode.swift; path = FeedbackButtonView.swift; sourceTree = "<group>"; };
		A32081192A43C85E00857E02 /* MessagesView.swift */ = {isa = PBXFileReference; lastKnownFileType = sourcecode.swift; path = MessagesView.swift; sourceTree = "<group>"; };
		A32A16452A06A9F700F04CC7 /* AvgChart.swift */ = {isa = PBXFileReference; lastKnownFileType = sourcecode.swift; path = AvgChart.swift; sourceTree = "<group>"; };
		A32E564C2A80938300786382 /* TimestampView.swift */ = {isa = PBXFileReference; lastKnownFileType = sourcecode.swift; path = TimestampView.swift; sourceTree = "<group>"; };
		A33250372AA294D000A5B6B3 /* GoogleService-Info.plist */ = {isa = PBXFileReference; fileEncoding = 4; lastKnownFileType = text.plist.xml; path = "GoogleService-Info.plist"; sourceTree = "<group>"; };
		A332503F2AA392AE00A5B6B3 /* GasIndexProvider.swift */ = {isa = PBXFileReference; lastKnownFileType = sourcecode.swift; path = GasIndexProvider.swift; sourceTree = "<group>"; };
		A33250422AA3972B00A5B6B3 /* ServerMessageView.swift */ = {isa = PBXFileReference; lastKnownFileType = sourcecode.swift; path = ServerMessageView.swift; sourceTree = "<group>"; };
		A33ABB2B2A46531E00D27DC8 /* ChangelogView.swift */ = {isa = PBXFileReference; lastKnownFileType = sourcecode.swift; path = ChangelogView.swift; sourceTree = "<group>"; };
		A33AFD882A92F6D9008AE58D /* MainFocusView.swift */ = {isa = PBXFileReference; lastKnownFileType = sourcecode.swift; path = MainFocusView.swift; sourceTree = "<group>"; };
		A33AFD8A2A92F78B008AE58D /* StyledTextView.swift */ = {isa = PBXFileReference; lastKnownFileType = sourcecode.swift; path = StyledTextView.swift; sourceTree = "<group>"; };
		A33AFD8C2A930068008AE58D /* GasIndexFocus.swift */ = {isa = PBXFileReference; lastKnownFileType = sourcecode.swift; path = GasIndexFocus.swift; sourceTree = "<group>"; };
		A33AFD8F2A930133008AE58D /* ActionsListFocusView.swift */ = {isa = PBXFileReference; lastKnownFileType = sourcecode.swift; path = ActionsListFocusView.swift; sourceTree = "<group>"; };
		A33AFD912A930BC3008AE58D /* GasIndexChartFocus.swift */ = {isa = PBXFileReference; lastKnownFileType = sourcecode.swift; path = GasIndexChartFocus.swift; sourceTree = "<group>"; };
		A33DFFC32AFF12FC007CE775 /* GasLevelExplainerView.swift */ = {isa = PBXFileReference; lastKnownFileType = sourcecode.swift; path = GasLevelExplainerView.swift; sourceTree = "<group>"; };
		A34D906D29C28EDE002F2310 /* FetcherViewModel.swift */ = {isa = PBXFileReference; lastKnownFileType = sourcecode.swift; path = FetcherViewModel.swift; sourceTree = "<group>"; };
		A34D906F29C2918D002F2310 /* FetchView.swift */ = {isa = PBXFileReference; lastKnownFileType = sourcecode.swift; path = FetchView.swift; sourceTree = "<group>"; };
		A34D907129C2B1A9002F2310 /* StatusBar.swift */ = {isa = PBXFileReference; lastKnownFileType = sourcecode.swift; path = StatusBar.swift; sourceTree = "<group>"; };
		A34D907329C2B52E002F2310 /* TimerView.swift */ = {isa = PBXFileReference; lastKnownFileType = sourcecode.swift; path = TimerView.swift; sourceTree = "<group>"; };
		A3501C8E2A3601FF00057C1C /* EthGasWidgetExtension.entitlements */ = {isa = PBXFileReference; lastKnownFileType = text.plist.entitlements; path = EthGasWidgetExtension.entitlements; sourceTree = "<group>"; };
		A3501C902A36A15200057C1C /* EthGasWidgetLow.swift */ = {isa = PBXFileReference; lastKnownFileType = sourcecode.swift; path = EthGasWidgetLow.swift; sourceTree = "<group>"; };
		A3501C942A36A70C00057C1C /* EthGasWidgetHigh.swift */ = {isa = PBXFileReference; lastKnownFileType = sourcecode.swift; path = EthGasWidgetHigh.swift; sourceTree = "<group>"; };
		A3501C972A36AAE600057C1C /* EthGasWidgetAll.swift */ = {isa = PBXFileReference; lastKnownFileType = sourcecode.swift; path = EthGasWidgetAll.swift; sourceTree = "<group>"; };
		A3501C992A36B47700057C1C /* LockScreenWidget.swift */ = {isa = PBXFileReference; lastKnownFileType = sourcecode.swift; path = LockScreenWidget.swift; sourceTree = "<group>"; };
		A36781F52A7E847D006B3149 /* API_v1.swift */ = {isa = PBXFileReference; lastKnownFileType = sourcecode.swift; path = API_v1.swift; sourceTree = "<group>"; };
		A36781F92A7E8AD8006B3149 /* DataManager.swift */ = {isa = PBXFileReference; lastKnownFileType = sourcecode.swift; path = DataManager.swift; sourceTree = "<group>"; };
		A36781FC2A7E8B25006B3149 /* CoreDataHandler.swift */ = {isa = PBXFileReference; lastKnownFileType = sourcecode.swift; path = CoreDataHandler.swift; sourceTree = "<group>"; };
		A36F08612A8C17C7009A4A36 /* AlertConditionView.swift */ = {isa = PBXFileReference; lastKnownFileType = sourcecode.swift; path = AlertConditionView.swift; sourceTree = "<group>"; };
		A376B17D2AA808BE005BB320 /* DiffValueView.swift */ = {isa = PBXFileReference; lastKnownFileType = sourcecode.swift; path = DiffValueView.swift; sourceTree = "<group>"; };
		A376B17F2AA81274005BB320 /* GasScale.swift */ = {isa = PBXFileReference; lastKnownFileType = sourcecode.swift; path = GasScale.swift; sourceTree = "<group>"; };
		A37D69142A1E35F500ECF1CA /* AlertsLimitPicker.swift */ = {isa = PBXFileReference; lastKnownFileType = sourcecode.swift; path = AlertsLimitPicker.swift; sourceTree = "<group>"; };
		A384EB2029BAFBC5005CC9E1 /* EthGasTracker.app */ = {isa = PBXFileReference; explicitFileType = wrapper.application; includeInIndex = 0; path = EthGasTracker.app; sourceTree = BUILT_PRODUCTS_DIR; };
		A384EB2329BAFBC5005CC9E1 /* EthGasTrackerApp.swift */ = {isa = PBXFileReference; lastKnownFileType = sourcecode.swift; path = EthGasTrackerApp.swift; sourceTree = "<group>"; };
		A384EB2729BAFBC6005CC9E1 /* Assets.xcassets */ = {isa = PBXFileReference; lastKnownFileType = folder.assetcatalog; path = Assets.xcassets; sourceTree = "<group>"; };
		A384EB2A29BAFBC6005CC9E1 /* Preview Assets.xcassets */ = {isa = PBXFileReference; lastKnownFileType = folder.assetcatalog; path = "Preview Assets.xcassets"; sourceTree = "<group>"; };
		A384EB3229BAFD3B005CC9E1 /* Gas.xcdatamodel */ = {isa = PBXFileReference; lastKnownFileType = wrapper.xcdatamodel; path = Gas.xcdatamodel; sourceTree = "<group>"; };
		A384EB3429BAFDA1005CC9E1 /* DataController.swift */ = {isa = PBXFileReference; lastKnownFileType = sourcecode.swift; path = DataController.swift; sourceTree = "<group>"; };
		A384EB3829BBE913005CC9E1 /* Info.plist */ = {isa = PBXFileReference; lastKnownFileType = text.plist; path = Info.plist; sourceTree = "<group>"; };
		A384F2822A83180000357771 /* GasIndexChart.swift */ = {isa = PBXFileReference; lastKnownFileType = sourcecode.swift; path = GasIndexChart.swift; sourceTree = "<group>"; };
		A384F2842A832AD900357771 /* IsFastMainTogglerView.swift */ = {isa = PBXFileReference; lastKnownFileType = sourcecode.swift; path = IsFastMainTogglerView.swift; sourceTree = "<group>"; };
		A384F2862A83C07A00357771 /* EnableLegacyGasView.swift */ = {isa = PBXFileReference; lastKnownFileType = sourcecode.swift; path = EnableLegacyGasView.swift; sourceTree = "<group>"; };
		A384F2882A83CE0F00357771 /* ActionEntity.swift */ = {isa = PBXFileReference; lastKnownFileType = sourcecode.swift; path = ActionEntity.swift; sourceTree = "<group>"; };
		A384F28D2A83D39300357771 /* EthPriceChart.swift */ = {isa = PBXFileReference; lastKnownFileType = sourcecode.swift; path = EthPriceChart.swift; sourceTree = "<group>"; };
		A38C56532A12C7C5004ABF21 /* EthGasWidgetExtension.appex */ = {isa = PBXFileReference; explicitFileType = "wrapper.app-extension"; includeInIndex = 0; path = EthGasWidgetExtension.appex; sourceTree = BUILT_PRODUCTS_DIR; };
		A38C56552A12C7C5004ABF21 /* WidgetKit.framework */ = {isa = PBXFileReference; lastKnownFileType = wrapper.framework; name = WidgetKit.framework; path = System/Library/Frameworks/WidgetKit.framework; sourceTree = SDKROOT; };
		A38C56572A12C7C5004ABF21 /* SwiftUI.framework */ = {isa = PBXFileReference; lastKnownFileType = wrapper.framework; name = SwiftUI.framework; path = System/Library/Frameworks/SwiftUI.framework; sourceTree = SDKROOT; };
		A38C565A2A12C7C5004ABF21 /* EthGasWidgetBundle.swift */ = {isa = PBXFileReference; lastKnownFileType = sourcecode.swift; path = EthGasWidgetBundle.swift; sourceTree = "<group>"; };
		A38C565C2A12C7C5004ABF21 /* EthGasWidgetLiveActivity.swift */ = {isa = PBXFileReference; lastKnownFileType = sourcecode.swift; path = EthGasWidgetLiveActivity.swift; sourceTree = "<group>"; };
		A38C565E2A12C7C5004ABF21 /* EthGasWidget.swift */ = {isa = PBXFileReference; lastKnownFileType = sourcecode.swift; path = EthGasWidget.swift; sourceTree = "<group>"; };
		A38C56602A12C7C6004ABF21 /* Assets.xcassets */ = {isa = PBXFileReference; lastKnownFileType = folder.assetcatalog; path = Assets.xcassets; sourceTree = "<group>"; };
		A38C56622A12C7C6004ABF21 /* Info.plist */ = {isa = PBXFileReference; lastKnownFileType = text.plist.xml; path = Info.plist; sourceTree = "<group>"; };
		A394E00229EA467100E45DEF /* PlainGasView.swift */ = {isa = PBXFileReference; lastKnownFileType = sourcecode.swift; path = PlainGasView.swift; sourceTree = "<group>"; };
		A394E00429EA4C8D00E45DEF /* NotificationView.swift */ = {isa = PBXFileReference; lastKnownFileType = sourcecode.swift; path = NotificationView.swift; sourceTree = "<group>"; };
		A394E00629EA4E3000E45DEF /* EthGasTracker.entitlements */ = {isa = PBXFileReference; lastKnownFileType = text.plist.entitlements; path = EthGasTracker.entitlements; sourceTree = "<group>"; };
		A394E00929EA505000E45DEF /* SendThreshold.swift */ = {isa = PBXFileReference; lastKnownFileType = sourcecode.swift; path = SendThreshold.swift; sourceTree = "<group>"; };
		A394E00D29EA54B300E45DEF /* NotificationDelegate.swift */ = {isa = PBXFileReference; lastKnownFileType = sourcecode.swift; path = NotificationDelegate.swift; sourceTree = "<group>"; };
		A394E00F29EA55F400E45DEF /* NotificationManager.swift */ = {isa = PBXFileReference; lastKnownFileType = sourcecode.swift; path = NotificationManager.swift; sourceTree = "<group>"; };
		A394E01529EB1AE000E45DEF /* ThresholdStorage.swift */ = {isa = PBXFileReference; lastKnownFileType = sourcecode.swift; path = ThresholdStorage.swift; sourceTree = "<group>"; };
		A3A4D4E02A082E47008E4CE7 /* LowChart.swift */ = {isa = PBXFileReference; lastKnownFileType = sourcecode.swift; path = LowChart.swift; sourceTree = "<group>"; };
		A3A4D4E22A0835C2008E4CE7 /* HighChart.swift */ = {isa = PBXFileReference; lastKnownFileType = sourcecode.swift; path = HighChart.swift; sourceTree = "<group>"; };
		A3A4D4E42A084FA6008E4CE7 /* BarsChart.swift */ = {isa = PBXFileReference; lastKnownFileType = sourcecode.swift; path = BarsChart.swift; sourceTree = "<group>"; };
		A3B253BB2A7EB5FB007C668A /* MainView.swift */ = {isa = PBXFileReference; lastKnownFileType = sourcecode.swift; path = MainView.swift; sourceTree = "<group>"; };
		A3B253BE2A7EC2B0007C668A /* ColorSchemePickerView.swift */ = {isa = PBXFileReference; lastKnownFileType = sourcecode.swift; path = ColorSchemePickerView.swift; sourceTree = "<group>"; };
		A3B253C12A7EC40E007C668A /* MenuBar.swift */ = {isa = PBXFileReference; lastKnownFileType = sourcecode.swift; path = MenuBar.swift; sourceTree = "<group>"; };
		A3B253C42A7ED04F007C668A /* RepeatingTask.swift */ = {isa = PBXFileReference; lastKnownFileType = sourcecode.swift; path = RepeatingTask.swift; sourceTree = "<group>"; };
		A3B253C62A7ED813007C668A /* EthPriceView.swift */ = {isa = PBXFileReference; lastKnownFileType = sourcecode.swift; path = EthPriceView.swift; sourceTree = "<group>"; };
		A3B253C82A7F0C67007C668A /* NormalFastView.swift */ = {isa = PBXFileReference; lastKnownFileType = sourcecode.swift; path = NormalFastView.swift; sourceTree = "<group>"; };
		A3B253CA2A7F0D5E007C668A /* LegacyGasPriceView.swift */ = {isa = PBXFileReference; lastKnownFileType = sourcecode.swift; path = LegacyGasPriceView.swift; sourceTree = "<group>"; };
		A3B253CE2A7F122E007C668A /* GasPriceView.swift */ = {isa = PBXFileReference; lastKnownFileType = sourcecode.swift; path = GasPriceView.swift; sourceTree = "<group>"; };
		A3B253D02A7F1276007C668A /* ActionsGridView.swift */ = {isa = PBXFileReference; lastKnownFileType = sourcecode.swift; path = ActionsGridView.swift; sourceTree = "<group>"; };
		A3B95EDF2AA462590010657A /* Launch Screen.storyboard */ = {isa = PBXFileReference; lastKnownFileType = file.storyboard; path = "Launch Screen.storyboard"; sourceTree = "<group>"; };
		A3CB1FDE29EC6C6D006A52A5 /* ThresholdInputView.swift */ = {isa = PBXFileReference; lastKnownFileType = sourcecode.swift; path = ThresholdInputView.swift; sourceTree = "<group>"; };
		A3CB1FE029EC7195006A52A5 /* ThresholdListView.swift */ = {isa = PBXFileReference; lastKnownFileType = sourcecode.swift; path = ThresholdListView.swift; sourceTree = "<group>"; };
		A3CB6BD22A9E931A00DE3DD4 /* StatsGraph.swift */ = {isa = PBXFileReference; lastKnownFileType = sourcecode.swift; path = StatsGraph.swift; sourceTree = "<group>"; };
		A3D1FEA92B00980C00CD795D /* File.swift */ = {isa = PBXFileReference; lastKnownFileType = sourcecode.swift; path = File.swift; sourceTree = "<group>"; };
		A3D357F42A8B051B000CD883 /* AlertFormView.swift */ = {isa = PBXFileReference; lastKnownFileType = sourcecode.swift; path = AlertFormView.swift; sourceTree = "<group>"; };
		A3DB1D662A0E4DA500372A58 /* HeatMap.swift */ = {isa = PBXFileReference; lastKnownFileType = sourcecode.swift; path = HeatMap.swift; sourceTree = "<group>"; };
		A3DB1D682A0E75EE00372A58 /* HeatMapView.swift */ = {isa = PBXFileReference; lastKnownFileType = sourcecode.swift; path = HeatMapView.swift; sourceTree = "<group>"; };
		A3E3655829BC39BC00DC3016 /* AppDelegate.swift */ = {isa = PBXFileReference; lastKnownFileType = sourcecode.swift; path = AppDelegate.swift; sourceTree = "<group>"; };
		A3E3655A29BD2EF800DC3016 /* Fetch.swift */ = {isa = PBXFileReference; lastKnownFileType = sourcecode.swift; path = Fetch.swift; sourceTree = "<group>"; };
		A3E3656029BD46DF00DC3016 /* NetworkMonitor.swift */ = {isa = PBXFileReference; lastKnownFileType = sourcecode.swift; path = NetworkMonitor.swift; sourceTree = "<group>"; };
		A3E3656229BD476B00DC3016 /* ContentView.swift */ = {isa = PBXFileReference; lastKnownFileType = sourcecode.swift; path = ContentView.swift; sourceTree = "<group>"; };
		A3EB2A2A2A8582B2004583B3 /* GasTabView.swift */ = {isa = PBXFileReference; lastKnownFileType = sourcecode.swift; path = GasTabView.swift; sourceTree = "<group>"; };
		A3EB2A2C2A858422004583B3 /* ActionsTabView.swift */ = {isa = PBXFileReference; lastKnownFileType = sourcecode.swift; path = ActionsTabView.swift; sourceTree = "<group>"; };
		A3EB2A2E2A8585F5004583B3 /* GasIndexChartMini.swift */ = {isa = PBXFileReference; lastKnownFileType = sourcecode.swift; path = GasIndexChartMini.swift; sourceTree = "<group>"; };
		A3EB2A312A85872E004583B3 /* GasPriceMiniView.swift */ = {isa = PBXFileReference; lastKnownFileType = sourcecode.swift; path = GasPriceMiniView.swift; sourceTree = "<group>"; };
		A3EB2A332A87332F004583B3 /* SettingsTabView.swift */ = {isa = PBXFileReference; lastKnownFileType = sourcecode.swift; path = SettingsTabView.swift; sourceTree = "<group>"; };
		A3EB2A352A886FF9004583B3 /* GasTrendsView.swift */ = {isa = PBXFileReference; lastKnownFileType = sourcecode.swift; path = GasTrendsView.swift; sourceTree = "<group>"; };
		A3EB2A382A887970004583B3 /* AlertsTabView.swift */ = {isa = PBXFileReference; lastKnownFileType = sourcecode.swift; path = AlertsTabView.swift; sourceTree = "<group>"; };
		A3F2C83D2AF71AE000A351C3 /* API_v1_widgetProvider.swift */ = {isa = PBXFileReference; lastKnownFileType = sourcecode.swift; path = API_v1_widgetProvider.swift; sourceTree = "<group>"; };
		A3F2C83F2AF8071800A351C3 /* APIv2.swift */ = {isa = PBXFileReference; lastKnownFileType = sourcecode.swift; path = APIv2.swift; sourceTree = "<group>"; };
		A3F2C8422AF809F800A351C3 /* API_v2_Models.swift */ = {isa = PBXFileReference; lastKnownFileType = sourcecode.swift; path = API_v2_Models.swift; sourceTree = "<group>"; };
		A3F2CF1E2B252A6E00E6FDDD /* CurrencyList.json */ = {isa = PBXFileReference; lastKnownFileType = text.json; path = CurrencyList.json; sourceTree = "<group>"; };
		A3F2CF222B2530E300E6FDDD /* Currency.swift */ = {isa = PBXFileReference; lastKnownFileType = sourcecode.swift; path = Currency.swift; sourceTree = "<group>"; };
		A3F2CF252B2531D400E6FDDD /* CurrencyListView.swift */ = {isa = PBXFileReference; lastKnownFileType = sourcecode.swift; path = CurrencyListView.swift; sourceTree = "<group>"; };
		A3F731EE2A11CD4200AB10D2 /* Helpers.swift */ = {isa = PBXFileReference; lastKnownFileType = sourcecode.swift; path = Helpers.swift; sourceTree = "<group>"; };
/* End PBXFileReference section */

/* Begin PBXFrameworksBuildPhase section */
		A384EB1D29BAFBC5005CC9E1 /* Frameworks */ = {
			isa = PBXFrameworksBuildPhase;
			buildActionMask = 2147483647;
			files = (
				A332503C2AA2958E00A5B6B3 /* FirebaseAnalytics in Frameworks */,
				A332503E2AA2958E00A5B6B3 /* FirebaseAnalyticsWithoutAdIdSupport in Frameworks */,
				A3B95EDA2AA3ED420010657A /* Snappable in Frameworks */,
			);
			runOnlyForDeploymentPostprocessing = 0;
		};
		A38C56502A12C7C5004ABF21 /* Frameworks */ = {
			isa = PBXFrameworksBuildPhase;
			buildActionMask = 2147483647;
			files = (
				A38C56582A12C7C5004ABF21 /* SwiftUI.framework in Frameworks */,
				A38C56562A12C7C5004ABF21 /* WidgetKit.framework in Frameworks */,
				A3B95EDC2AA3F0030010657A /* Snappable in Frameworks */,
			);
			runOnlyForDeploymentPostprocessing = 0;
		};
/* End PBXFrameworksBuildPhase section */

/* Begin PBXGroup section */
		A32A163F2A06A78800F04CC7 /* Views */ = {
			isa = PBXGroup;
			children = (
				A32A16442A06A9E400F04CC7 /* Chart */,
				A32A16432A06A8F700F04CC7 /* Gas */,
				A32A16422A06A8C600F04CC7 /* StatusBarFetcher */,
				A32A16412A06A8B000F04CC7 /* Notification */,
				A32081172A42A36200857E02 /* FeedbackButtonView.swift */,
				A32081192A43C85E00857E02 /* MessagesView.swift */,
				A33ABB2B2A46531E00D27DC8 /* ChangelogView.swift */,
			);
			path = Views;
			sourceTree = "<group>";
		};
		A32A16402A06A87000F04CC7 /* api */ = {
			isa = PBXGroup;
			children = (
				A394E00929EA505000E45DEF /* SendThreshold.swift */,
				A3E3655A29BD2EF800DC3016 /* Fetch.swift */,
			);
			path = api;
			sourceTree = "<group>";
		};
		A32A16412A06A8B000F04CC7 /* Notification */ = {
			isa = PBXGroup;
			children = (
				A394E00429EA4C8D00E45DEF /* NotificationView.swift */,
				A3CB1FDE29EC6C6D006A52A5 /* ThresholdInputView.swift */,
				A3CB1FE029EC7195006A52A5 /* ThresholdListView.swift */,
			);
			path = Notification;
			sourceTree = "<group>";
		};
		A32A16422A06A8C600F04CC7 /* StatusBarFetcher */ = {
			isa = PBXGroup;
			children = (
				A34D907329C2B52E002F2310 /* TimerView.swift */,
				A34D907129C2B1A9002F2310 /* StatusBar.swift */,
				A34D906D29C28EDE002F2310 /* FetcherViewModel.swift */,
				A34D906F29C2918D002F2310 /* FetchView.swift */,
			);
			path = StatusBarFetcher;
			sourceTree = "<group>";
		};
		A32A16432A06A8F700F04CC7 /* Gas */ = {
			isa = PBXGroup;
			children = (
				A394E00229EA467100E45DEF /* PlainGasView.swift */,
			);
			path = Gas;
			sourceTree = "<group>";
		};
		A32A16442A06A9E400F04CC7 /* Chart */ = {
			isa = PBXGroup;
			children = (
				A32A16452A06A9F700F04CC7 /* AvgChart.swift */,
				A3A4D4E02A082E47008E4CE7 /* LowChart.swift */,
				A3A4D4E22A0835C2008E4CE7 /* HighChart.swift */,
				A3A4D4E42A084FA6008E4CE7 /* BarsChart.swift */,
				A3DB1D662A0E4DA500372A58 /* HeatMap.swift */,
				A3DB1D682A0E75EE00372A58 /* HeatMapView.swift */,
			);
			path = Chart;
			sourceTree = "<group>";
		};
		A33AFD8E2A9300A9008AE58D /* Charts */ = {
			isa = PBXGroup;
			children = (
				A3EB2A2E2A8585F5004583B3 /* GasIndexChartMini.swift */,
				A384F2822A83180000357771 /* GasIndexChart.swift */,
				A33AFD912A930BC3008AE58D /* GasIndexChartFocus.swift */,
			);
			name = Charts;
			sourceTree = "<group>";
		};
		A36781F82A7E8AC4006B3149 /* DataManager */ = {
			isa = PBXGroup;
			children = (
				A3F2C8412AF809D400A351C3 /* API_v2 */,
				A36781F92A7E8AD8006B3149 /* DataManager.swift */,
				A36781F52A7E847D006B3149 /* API_v1.swift */,
				A36781FC2A7E8B25006B3149 /* CoreDataHandler.swift */,
				A384F2882A83CE0F00357771 /* ActionEntity.swift */,
			);
			path = DataManager;
			sourceTree = "<group>";
		};
		A384EB1729BAFBC5005CC9E1 = {
			isa = PBXGroup;
			children = (
				A31D22752B098987008464DB /* GAS ALERT Ethereum Gas Tracker.storekit */,
				A3B95EDF2AA462590010657A /* Launch Screen.storyboard */,
				A3501C8E2A3601FF00057C1C /* EthGasWidgetExtension.entitlements */,
				A33250372AA294D000A5B6B3 /* GoogleService-Info.plist */,
				A384EB2229BAFBC5005CC9E1 /* EthGasTracker */,
				A38C56592A12C7C5004ABF21 /* EthGasWidget */,
				A38C56542A12C7C5004ABF21 /* Frameworks */,
				A384EB2129BAFBC5005CC9E1 /* Products */,
			);
			sourceTree = "<group>";
		};
		A384EB2129BAFBC5005CC9E1 /* Products */ = {
			isa = PBXGroup;
			children = (
				A384EB2029BAFBC5005CC9E1 /* EthGasTracker.app */,
				A38C56532A12C7C5004ABF21 /* EthGasWidgetExtension.appex */,
			);
			name = Products;
			sourceTree = "<group>";
		};
		A384EB2229BAFBC5005CC9E1 /* EthGasTracker */ = {
			isa = PBXGroup;
			children = (
				A3E3655829BC39BC00DC3016 /* AppDelegate.swift */,
				A384EB2329BAFBC5005CC9E1 /* EthGasTrackerApp.swift */,
				A31D227E2B0A9A72008464DB /* HelperViews.swift */,
				A3B253BB2A7EB5FB007C668A /* MainView.swift */,
				A33AFD882A92F6D9008AE58D /* MainFocusView.swift */,
				A36781F82A7E8AC4006B3149 /* DataManager */,
				A3B253B82A7EB5B0007C668A /* v3_Views */,
				A3B253C32A7ED042007C668A /* helpers */,
				A384EB3129BAFD3B005CC9E1 /* Gas.xcdatamodeld */,
				A384EB2729BAFBC6005CC9E1 /* Assets.xcassets */,
				A384EB3829BBE913005CC9E1 /* Info.plist */,
				A394E00629EA4E3000E45DEF /* EthGasTracker.entitlements */,
				A3E3656229BD476B00DC3016 /* ContentView.swift */,
				A32A16402A06A87000F04CC7 /* api */,
				A32A163F2A06A78800F04CC7 /* Views */,
				A394E00D29EA54B300E45DEF /* NotificationDelegate.swift */,
				A394E00F29EA55F400E45DEF /* NotificationManager.swift */,
				A394E01529EB1AE000E45DEF /* ThresholdStorage.swift */,
				A3E3656029BD46DF00DC3016 /* NetworkMonitor.swift */,
				A384EB3429BAFDA1005CC9E1 /* DataController.swift */,
				A317CCEF29CBF497001B8492 /* lightweight.gif */,
				A384EB2929BAFBC6005CC9E1 /* Preview Content */,
				A3F731EE2A11CD4200AB10D2 /* Helpers.swift */,
				A31D22782B098BFE008464DB /* StoreVM.swift */,
				A31D227A2B098C52008464DB /* SubscriptionView.swift */,
			);
			path = EthGasTracker;
			sourceTree = "<group>";
		};
		A384EB2929BAFBC6005CC9E1 /* Preview Content */ = {
			isa = PBXGroup;
			children = (
				A384EB2A29BAFBC6005CC9E1 /* Preview Assets.xcassets */,
			);
			path = "Preview Content";
			sourceTree = "<group>";
		};
		A384F2802A83174C00357771 /* Actions */ = {
			isa = PBXGroup;
			children = (
				A3B253C82A7F0C67007C668A /* NormalFastView.swift */,
				A3B253D02A7F1276007C668A /* ActionsGridView.swift */,
				A3EB2A2C2A858422004583B3 /* ActionsTabView.swift */,
				A33AFD8F2A930133008AE58D /* ActionsListFocusView.swift */,
			);
			path = Actions;
			sourceTree = "<group>";
		};
		A384F28B2A83D33600357771 /* GasIndex */ = {
			isa = PBXGroup;
			children = (
				A33AFD8E2A9300A9008AE58D /* Charts */,
				A3B253CE2A7F122E007C668A /* GasPriceView.swift */,
				A3EB2A312A85872E004583B3 /* GasPriceMiniView.swift */,
				A3EB2A352A886FF9004583B3 /* GasTrendsView.swift */,
				A33AFD8C2A930068008AE58D /* GasIndexFocus.swift */,
				A3EB2A2A2A8582B2004583B3 /* GasTabView.swift */,
				A376B17F2AA81274005BB320 /* GasScale.swift */,
				A33DFFC32AFF12FC007CE775 /* GasLevelExplainerView.swift */,
				A3D1FEA92B00980C00CD795D /* File.swift */,
			);
			path = GasIndex;
			sourceTree = "<group>";
		};
		A384F28C2A83D34C00357771 /* EthPrice */ = {
			isa = PBXGroup;
			children = (
				A3B253C62A7ED813007C668A /* EthPriceView.swift */,
				A384F28D2A83D39300357771 /* EthPriceChart.swift */,
			);
			path = EthPrice;
			sourceTree = "<group>";
		};
		A38C56542A12C7C5004ABF21 /* Frameworks */ = {
			isa = PBXGroup;
			children = (
				A38C56552A12C7C5004ABF21 /* WidgetKit.framework */,
				A38C56572A12C7C5004ABF21 /* SwiftUI.framework */,
			);
			name = Frameworks;
			sourceTree = "<group>";
		};
		A38C56592A12C7C5004ABF21 /* EthGasWidget */ = {
			isa = PBXGroup;
			children = (
				A3F2C83C2AF718F700A351C3 /* legacy */,
				A38C565A2A12C7C5004ABF21 /* EthGasWidgetBundle.swift */,
				A38C56602A12C7C6004ABF21 /* Assets.xcassets */,
				A38C56622A12C7C6004ABF21 /* Info.plist */,
				A3501C992A36B47700057C1C /* LockScreenWidget.swift */,
				A332503F2AA392AE00A5B6B3 /* GasIndexProvider.swift */,
				A3F2C83D2AF71AE000A351C3 /* API_v1_widgetProvider.swift */,
			);
			path = EthGasWidget;
			sourceTree = "<group>";
		};
		A3B253B82A7EB5B0007C668A /* v3_Views */ = {
			isa = PBXGroup;
			children = (
				A3F2CF212B2530CF00E6FDDD /* CurrencyList */,
				A3CB6BD12A9E930400DE3DD4 /* Stats */,
				A3EB2A372A88795A004583B3 /* Notifications */,
				A384F28C2A83D34C00357771 /* EthPrice */,
				A384F28B2A83D33600357771 /* GasIndex */,
				A384F2802A83174C00357771 /* Actions */,
				A3B253BD2A7EC29E007C668A /* Settings */,
				A3B253C12A7EC40E007C668A /* MenuBar.swift */,
				A33AFD8A2A92F78B008AE58D /* StyledTextView.swift */,
				A32E564C2A80938300786382 /* TimestampView.swift */,
				A376B17D2AA808BE005BB320 /* DiffValueView.swift */,
				A3B253CA2A7F0D5E007C668A /* LegacyGasPriceView.swift */,
				A33250422AA3972B00A5B6B3 /* ServerMessageView.swift */,
			);
			path = v3_Views;
			sourceTree = "<group>";
		};
		A3B253BD2A7EC29E007C668A /* Settings */ = {
			isa = PBXGroup;
			children = (
				A32081152A42922D00857E02 /* SettingsView.swift */,
				A3B253BE2A7EC2B0007C668A /* ColorSchemePickerView.swift */,
				A384F2842A832AD900357771 /* IsFastMainTogglerView.swift */,
				A384F2862A83C07A00357771 /* EnableLegacyGasView.swift */,
				A3EB2A332A87332F004583B3 /* SettingsTabView.swift */,
			);
			path = Settings;
			sourceTree = "<group>";
		};
		A3B253C32A7ED042007C668A /* helpers */ = {
			isa = PBXGroup;
			children = (
				A3B253C42A7ED04F007C668A /* RepeatingTask.swift */,
			);
			path = helpers;
			sourceTree = "<group>";
		};
		A3CB6BD12A9E930400DE3DD4 /* Stats */ = {
			isa = PBXGroup;
			children = (
				A3CB6BD22A9E931A00DE3DD4 /* StatsGraph.swift */,
			);
			path = Stats;
			sourceTree = "<group>";
		};
		A3EB2A372A88795A004583B3 /* Notifications */ = {
			isa = PBXGroup;
			children = (
				A3EB2A382A887970004583B3 /* AlertsTabView.swift */,
				A37D69142A1E35F500ECF1CA /* AlertsLimitPicker.swift */,
				A3D357F42A8B051B000CD883 /* AlertFormView.swift */,
				A36F08612A8C17C7009A4A36 /* AlertConditionView.swift */,
				A31D227C2B099EB9008464DB /* TimeRangePicker.swift */,
			);
			path = Notifications;
			sourceTree = "<group>";
		};
		A3F2C83C2AF718F700A351C3 /* legacy */ = {
			isa = PBXGroup;
			children = (
				A38C565C2A12C7C5004ABF21 /* EthGasWidgetLiveActivity.swift */,
				A3501C972A36AAE600057C1C /* EthGasWidgetAll.swift */,
				A38C565E2A12C7C5004ABF21 /* EthGasWidget.swift */,
				A320810B2A42680D00857E02 /* EthGasWidgetSmall.swift */,
				A32081132A427E2100857E02 /* EthGasWidgetMedium.swift */,
				A32081112A427AE800857E02 /* EthGasWidgetLarge.swift */,
				A320810F2A42718D00857E02 /* GridView.swift */,
				A320810D2A426D4900857E02 /* EthGasWidgetHigh2.swift */,
				A3501C902A36A15200057C1C /* EthGasWidgetLow.swift */,
				A3501C942A36A70C00057C1C /* EthGasWidgetHigh.swift */,
			);
			path = legacy;
			sourceTree = "<group>";
		};
		A3F2C8412AF809D400A351C3 /* API_v2 */ = {
			isa = PBXGroup;
			children = (
				A3F2C83F2AF8071800A351C3 /* APIv2.swift */,
				A3F2C8422AF809F800A351C3 /* API_v2_Models.swift */,
			);
			path = API_v2;
			sourceTree = "<group>";
		};
		A3F2CF212B2530CF00E6FDDD /* CurrencyList */ = {
			isa = PBXGroup;
			children = (
				A3F2CF1E2B252A6E00E6FDDD /* CurrencyList.json */,
				A3F2CF222B2530E300E6FDDD /* Currency.swift */,
				A3F2CF252B2531D400E6FDDD /* CurrencyListView.swift */,
			);
			path = CurrencyList;
			sourceTree = "<group>";
		};
/* End PBXGroup section */

/* Begin PBXNativeTarget section */
		A384EB1F29BAFBC5005CC9E1 /* EthGasTracker */ = {
			isa = PBXNativeTarget;
			buildConfigurationList = A384EB2E29BAFBC6005CC9E1 /* Build configuration list for PBXNativeTarget "EthGasTracker" */;
			buildPhases = (
				A384EB1C29BAFBC5005CC9E1 /* Sources */,
				A384EB1D29BAFBC5005CC9E1 /* Frameworks */,
				A384EB1E29BAFBC5005CC9E1 /* Resources */,
				A38C56662A12C7C6004ABF21 /* Embed Foundation Extensions */,
			);
			buildRules = (
			);
			dependencies = (
				A38C56642A12C7C6004ABF21 /* PBXTargetDependency */,
			);
			name = EthGasTracker;
			packageProductDependencies = (
				A332503B2AA2958E00A5B6B3 /* FirebaseAnalytics */,
				A332503D2AA2958E00A5B6B3 /* FirebaseAnalyticsWithoutAdIdSupport */,
				A3B95ED92AA3ED420010657A /* Snappable */,
			);
			productName = EthGasTracker;
			productReference = A384EB2029BAFBC5005CC9E1 /* EthGasTracker.app */;
			productType = "com.apple.product-type.application";
		};
		A38C56522A12C7C5004ABF21 /* EthGasWidgetExtension */ = {
			isa = PBXNativeTarget;
			buildConfigurationList = A38C56692A12C7C6004ABF21 /* Build configuration list for PBXNativeTarget "EthGasWidgetExtension" */;
			buildPhases = (
				A38C564F2A12C7C5004ABF21 /* Sources */,
				A38C56502A12C7C5004ABF21 /* Frameworks */,
				A38C56512A12C7C5004ABF21 /* Resources */,
			);
			buildRules = (
			);
			dependencies = (
			);
			name = EthGasWidgetExtension;
			packageProductDependencies = (
				A3B95EDB2AA3F0030010657A /* Snappable */,
			);
			productName = EthGasWidgetExtension;
			productReference = A38C56532A12C7C5004ABF21 /* EthGasWidgetExtension.appex */;
			productType = "com.apple.product-type.app-extension";
		};
/* End PBXNativeTarget section */

/* Begin PBXProject section */
		A384EB1829BAFBC5005CC9E1 /* Project object */ = {
			isa = PBXProject;
			attributes = {
				BuildIndependentTargetsInParallel = 1;
				LastSwiftUpdateCheck = 1410;
				LastUpgradeCheck = 1410;
				TargetAttributes = {
					A384EB1F29BAFBC5005CC9E1 = {
						CreatedOnToolsVersion = 14.1;
					};
					A38C56522A12C7C5004ABF21 = {
						CreatedOnToolsVersion = 14.1;
					};
				};
			};
			buildConfigurationList = A384EB1B29BAFBC5005CC9E1 /* Build configuration list for PBXProject "EthGasTracker" */;
			compatibilityVersion = "Xcode 14.0";
			developmentRegion = en;
			hasScannedForEncodings = 0;
			knownRegions = (
				en,
				Base,
			);
			mainGroup = A384EB1729BAFBC5005CC9E1;
			packageReferences = (
				A332503A2AA2958E00A5B6B3 /* XCRemoteSwiftPackageReference "firebase-ios-sdk" */,
				A3B95ED82AA3ED420010657A /* XCRemoteSwiftPackageReference "Snappable" */,
			);
			productRefGroup = A384EB2129BAFBC5005CC9E1 /* Products */;
			projectDirPath = "";
			projectRoot = "";
			targets = (
				A384EB1F29BAFBC5005CC9E1 /* EthGasTracker */,
				A38C56522A12C7C5004ABF21 /* EthGasWidgetExtension */,
			);
		};
/* End PBXProject section */

/* Begin PBXResourcesBuildPhase section */
		A384EB1E29BAFBC5005CC9E1 /* Resources */ = {
			isa = PBXResourcesBuildPhase;
			buildActionMask = 2147483647;
			files = (
				A384EB2B29BAFBC6005CC9E1 /* Preview Assets.xcassets in Resources */,
				A33250382AA294D000A5B6B3 /* GoogleService-Info.plist in Resources */,
				A384EB2829BAFBC6005CC9E1 /* Assets.xcassets in Resources */,
				A3B95EE02AA462590010657A /* Launch Screen.storyboard in Resources */,
				A317CCF029CBF497001B8492 /* lightweight.gif in Resources */,
				A3F2CF1F2B252A6E00E6FDDD /* CurrencyList.json in Resources */,
				A31D22762B098987008464DB /* GAS ALERT Ethereum Gas Tracker.storekit in Resources */,
			);
			runOnlyForDeploymentPostprocessing = 0;
		};
		A38C56512A12C7C5004ABF21 /* Resources */ = {
			isa = PBXResourcesBuildPhase;
			buildActionMask = 2147483647;
			files = (
				A3501C8F2A361C1600057C1C /* Assets.xcassets in Resources */,
				A38C56612A12C7C6004ABF21 /* Assets.xcassets in Resources */,
				A33250392AA294D000A5B6B3 /* GoogleService-Info.plist in Resources */,
				A31D22772B098987008464DB /* GAS ALERT Ethereum Gas Tracker.storekit in Resources */,
				A3F2CF202B252A6E00E6FDDD /* CurrencyList.json in Resources */,
			);
			runOnlyForDeploymentPostprocessing = 0;
		};
/* End PBXResourcesBuildPhase section */

/* Begin PBXSourcesBuildPhase section */
		A384EB1C29BAFBC5005CC9E1 /* Sources */ = {
			isa = PBXSourcesBuildPhase;
			buildActionMask = 2147483647;
			files = (
				A384F2832A83180000357771 /* GasIndexChart.swift in Sources */,
				A33AFD892A92F6D9008AE58D /* MainFocusView.swift in Sources */,
				A3EB2A2D2A858422004583B3 /* ActionsTabView.swift in Sources */,
				A34D907429C2B52E002F2310 /* TimerView.swift in Sources */,
				A3E3655B29BD2EF800DC3016 /* Fetch.swift in Sources */,
				A3EB2A362A886FF9004583B3 /* GasTrendsView.swift in Sources */,
				A3DB1D692A0E75EE00372A58 /* HeatMapView.swift in Sources */,
				A3B253BF2A7EC2B0007C668A /* ColorSchemePickerView.swift in Sources */,
				A31D22792B098BFE008464DB /* StoreVM.swift in Sources */,
				A3A4D4E12A082E47008E4CE7 /* LowChart.swift in Sources */,
				A3B253C72A7ED813007C668A /* EthPriceView.swift in Sources */,
				A31D227D2B099EB9008464DB /* TimeRangePicker.swift in Sources */,
				A3A4D4E52A084FA6008E4CE7 /* BarsChart.swift in Sources */,
				A3B253C52A7ED04F007C668A /* RepeatingTask.swift in Sources */,
				A3B253CF2A7F122E007C668A /* GasPriceView.swift in Sources */,
				A384F2852A832AD900357771 /* IsFastMainTogglerView.swift in Sources */,
				A33AFD922A930BC3008AE58D /* GasIndexChartFocus.swift in Sources */,
				A394E00329EA467100E45DEF /* PlainGasView.swift in Sources */,
				A376B1802AA81274005BB320 /* GasScale.swift in Sources */,
				A3B253C22A7EC40E007C668A /* MenuBar.swift in Sources */,
				A36F08622A8C17C7009A4A36 /* AlertConditionView.swift in Sources */,
				A3B253CB2A7F0D5E007C668A /* LegacyGasPriceView.swift in Sources */,
				A394E01029EA55F400E45DEF /* NotificationManager.swift in Sources */,
				A32E564D2A80938300786382 /* TimestampView.swift in Sources */,
				A3EB2A342A87332F004583B3 /* SettingsTabView.swift in Sources */,
				A3EB2A2B2A8582B2004583B3 /* GasTabView.swift in Sources */,
				A36781F62A7E847D006B3149 /* API_v1.swift in Sources */,
				A3B253BC2A7EB5FB007C668A /* MainView.swift in Sources */,
				A32A16462A06A9F700F04CC7 /* AvgChart.swift in Sources */,
				A3D357F52A8B051B000CD883 /* AlertFormView.swift in Sources */,
				A36781FD2A7E8B25006B3149 /* CoreDataHandler.swift in Sources */,
				A384EB3529BAFDA1005CC9E1 /* DataController.swift in Sources */,
				A3DB1D672A0E4DA500372A58 /* HeatMap.swift in Sources */,
				A384F2872A83C07A00357771 /* EnableLegacyGasView.swift in Sources */,
				A33DFFC42AFF12FC007CE775 /* GasLevelExplainerView.swift in Sources */,
				A33250432AA3972B00A5B6B3 /* ServerMessageView.swift in Sources */,
				A3EB2A322A85872E004583B3 /* GasPriceMiniView.swift in Sources */,
				A3F2CF262B2531D400E6FDDD /* CurrencyListView.swift in Sources */,
				A320811A2A43C85E00857E02 /* MessagesView.swift in Sources */,
				A3B253D12A7F1276007C668A /* ActionsGridView.swift in Sources */,
				A394E00E29EA54B300E45DEF /* NotificationDelegate.swift in Sources */,
				A3F2C8432AF809F800A351C3 /* API_v2_Models.swift in Sources */,
				A33250402AA392AE00A5B6B3 /* GasIndexProvider.swift in Sources */,
				A3E3656329BD476B00DC3016 /* ContentView.swift in Sources */,
				A37D69152A1E35F500ECF1CA /* AlertsLimitPicker.swift in Sources */,
				A3EB2A392A887970004583B3 /* AlertsTabView.swift in Sources */,
				A3E3655929BC39BC00DC3016 /* AppDelegate.swift in Sources */,
				A31D227F2B0A9A72008464DB /* HelperViews.swift in Sources */,
				A384EB2429BAFBC5005CC9E1 /* EthGasTrackerApp.swift in Sources */,
				A376B17E2AA808BE005BB320 /* DiffValueView.swift in Sources */,
				A31D227B2B098C52008464DB /* SubscriptionView.swift in Sources */,
				A34D906E29C28EDE002F2310 /* FetcherViewModel.swift in Sources */,
				A3F2C8402AF8071800A351C3 /* APIv2.swift in Sources */,
				A33AFD8D2A930068008AE58D /* GasIndexFocus.swift in Sources */,
				A33AFD902A930133008AE58D /* ActionsListFocusView.swift in Sources */,
				A34D907229C2B1A9002F2310 /* StatusBar.swift in Sources */,
				A3CB6BD32A9E931A00DE3DD4 /* StatsGraph.swift in Sources */,
				A36781FA2A7E8AD8006B3149 /* DataManager.swift in Sources */,
				A3CB1FE129EC7195006A52A5 /* ThresholdListView.swift in Sources */,
				A33AFD8B2A92F78B008AE58D /* StyledTextView.swift in Sources */,
				A384F28E2A83D39300357771 /* EthPriceChart.swift in Sources */,
				A3E3656129BD46DF00DC3016 /* NetworkMonitor.swift in Sources */,
				A3F2CF232B2530E300E6FDDD /* Currency.swift in Sources */,
				A394E01629EB1AE000E45DEF /* ThresholdStorage.swift in Sources */,
				A32081162A42922D00857E02 /* SettingsView.swift in Sources */,
				A394E00A29EA505000E45DEF /* SendThreshold.swift in Sources */,
				A3A4D4E32A0835C2008E4CE7 /* HighChart.swift in Sources */,
				A3D1FEAA2B00980C00CD795D /* File.swift in Sources */,
				A3CB1FDF29EC6C6D006A52A5 /* ThresholdInputView.swift in Sources */,
				A384F2892A83CE0F00357771 /* ActionEntity.swift in Sources */,
				A3EB2A2F2A8585F5004583B3 /* GasIndexChartMini.swift in Sources */,
				A3F731EF2A11CD4200AB10D2 /* Helpers.swift in Sources */,
				A3B253C92A7F0C67007C668A /* NormalFastView.swift in Sources */,
				A34D907029C2918D002F2310 /* FetchView.swift in Sources */,
				A32081182A42A36200857E02 /* FeedbackButtonView.swift in Sources */,
				A33ABB2C2A46531E00D27DC8 /* ChangelogView.swift in Sources */,
				A394E00529EA4C8D00E45DEF /* NotificationView.swift in Sources */,
				A3B253B62A7E9BBD007C668A /* Gas.xcdatamodeld in Sources */,
			);
			runOnlyForDeploymentPostprocessing = 0;
		};
		A38C564F2A12C7C5004ABF21 /* Sources */ = {
			isa = PBXSourcesBuildPhase;
			buildActionMask = 2147483647;
			files = (
				A38C566C2A12D39F004ABF21 /* Fetch.swift in Sources */,
				A33250442AA3972B00A5B6B3 /* ServerMessageView.swift in Sources */,
				A36781FE2A7E8B25006B3149 /* CoreDataHandler.swift in Sources */,
				A3D1FEA72B0093D300CD795D /* APIv2.swift in Sources */,
				A3501C982A36AAE600057C1C /* EthGasWidgetAll.swift in Sources */,
				A3F2CF242B2530E300E6FDDD /* Currency.swift in Sources */,
				A3D1FEAB2B00980C00CD795D /* File.swift in Sources */,
				A33250412AA392AE00A5B6B3 /* GasIndexProvider.swift in Sources */,
				A3501C8D2A35F8BA00057C1C /* AvgChart.swift in Sources */,
				A36781F72A7E847D006B3149 /* API_v1.swift in Sources */,
				A38C565D2A12C7C5004ABF21 /* EthGasWidgetLiveActivity.swift in Sources */,
				A320810E2A426D4900857E02 /* EthGasWidgetHigh2.swift in Sources */,
				A3501C922A36A15200057C1C /* EthGasWidgetLow.swift in Sources */,
				A38C565B2A12C7C5004ABF21 /* EthGasWidgetBundle.swift in Sources */,
				A3501C932A36A32600057C1C /* LowChart.swift in Sources */,
				A320810C2A42680D00857E02 /* EthGasWidgetSmall.swift in Sources */,
				A3B253B72A7E9BBD007C668A /* Gas.xcdatamodeld in Sources */,
				A38C565F2A12C7C5004ABF21 /* EthGasWidget.swift in Sources */,
				A3501C8C2A35F79600057C1C /* FetcherViewModel.swift in Sources */,
				A3501C962A36A75400057C1C /* HighChart.swift in Sources */,
				A3501C9A2A36B47700057C1C /* LockScreenWidget.swift in Sources */,
				A36781FB2A7E8AD8006B3149 /* DataManager.swift in Sources */,
				A3F2C8442AF809F800A351C3 /* API_v2_Models.swift in Sources */,
				A32081122A427AE800857E02 /* EthGasWidgetLarge.swift in Sources */,
				A32081102A42718D00857E02 /* GridView.swift in Sources */,
				A3F2C83E2AF71AE000A351C3 /* API_v1_widgetProvider.swift in Sources */,
				A32081142A427E2100857E02 /* EthGasWidgetMedium.swift in Sources */,
				A384F28A2A83D27A00357771 /* ActionEntity.swift in Sources */,
				A3501C952A36A70C00057C1C /* EthGasWidgetHigh.swift in Sources */,
			);
			runOnlyForDeploymentPostprocessing = 0;
		};
/* End PBXSourcesBuildPhase section */

/* Begin PBXTargetDependency section */
		A38C56642A12C7C6004ABF21 /* PBXTargetDependency */ = {
			isa = PBXTargetDependency;
			target = A38C56522A12C7C5004ABF21 /* EthGasWidgetExtension */;
			targetProxy = A38C56632A12C7C6004ABF21 /* PBXContainerItemProxy */;
		};
/* End PBXTargetDependency section */

/* Begin XCBuildConfiguration section */
		A384EB2C29BAFBC6005CC9E1 /* Debug */ = {
			isa = XCBuildConfiguration;
			buildSettings = {
				ALWAYS_SEARCH_USER_PATHS = NO;
				CLANG_ANALYZER_NONNULL = YES;
				CLANG_ANALYZER_NUMBER_OBJECT_CONVERSION = YES_AGGRESSIVE;
				CLANG_CXX_LANGUAGE_STANDARD = "gnu++20";
				CLANG_ENABLE_MODULES = YES;
				CLANG_ENABLE_OBJC_ARC = YES;
				CLANG_ENABLE_OBJC_WEAK = YES;
				CLANG_WARN_BLOCK_CAPTURE_AUTORELEASING = YES;
				CLANG_WARN_BOOL_CONVERSION = YES;
				CLANG_WARN_COMMA = YES;
				CLANG_WARN_CONSTANT_CONVERSION = YES;
				CLANG_WARN_DEPRECATED_OBJC_IMPLEMENTATIONS = YES;
				CLANG_WARN_DIRECT_OBJC_ISA_USAGE = YES_ERROR;
				CLANG_WARN_DOCUMENTATION_COMMENTS = YES;
				CLANG_WARN_EMPTY_BODY = YES;
				CLANG_WARN_ENUM_CONVERSION = YES;
				CLANG_WARN_INFINITE_RECURSION = YES;
				CLANG_WARN_INT_CONVERSION = YES;
				CLANG_WARN_NON_LITERAL_NULL_CONVERSION = YES;
				CLANG_WARN_OBJC_IMPLICIT_RETAIN_SELF = YES;
				CLANG_WARN_OBJC_LITERAL_CONVERSION = YES;
				CLANG_WARN_OBJC_ROOT_CLASS = YES_ERROR;
				CLANG_WARN_QUOTED_INCLUDE_IN_FRAMEWORK_HEADER = YES;
				CLANG_WARN_RANGE_LOOP_ANALYSIS = YES;
				CLANG_WARN_STRICT_PROTOTYPES = YES;
				CLANG_WARN_SUSPICIOUS_MOVE = YES;
				CLANG_WARN_UNGUARDED_AVAILABILITY = YES_AGGRESSIVE;
				CLANG_WARN_UNREACHABLE_CODE = YES;
				CLANG_WARN__DUPLICATE_METHOD_MATCH = YES;
				COPY_PHASE_STRIP = NO;
				DEBUG_INFORMATION_FORMAT = dwarf;
				ENABLE_STRICT_OBJC_MSGSEND = YES;
				ENABLE_TESTABILITY = YES;
				GCC_C_LANGUAGE_STANDARD = gnu11;
				GCC_DYNAMIC_NO_PIC = NO;
				GCC_NO_COMMON_BLOCKS = YES;
				GCC_OPTIMIZATION_LEVEL = 0;
				GCC_PREPROCESSOR_DEFINITIONS = (
					"DEBUG=1",
					"$(inherited)",
				);
				GCC_WARN_64_TO_32_BIT_CONVERSION = YES;
				GCC_WARN_ABOUT_RETURN_TYPE = YES_ERROR;
				GCC_WARN_UNDECLARED_SELECTOR = YES;
				GCC_WARN_UNINITIALIZED_AUTOS = YES_AGGRESSIVE;
				GCC_WARN_UNUSED_FUNCTION = YES;
				GCC_WARN_UNUSED_VARIABLE = YES;
				IPHONEOS_DEPLOYMENT_TARGET = 14.0;
				MTL_ENABLE_DEBUG_INFO = INCLUDE_SOURCE;
				MTL_FAST_MATH = YES;
				ONLY_ACTIVE_ARCH = YES;
				SDKROOT = iphoneos;
				SWIFT_ACTIVE_COMPILATION_CONDITIONS = DEBUG;
				SWIFT_OPTIMIZATION_LEVEL = "-Onone";
			};
			name = Debug;
		};
		A384EB2D29BAFBC6005CC9E1 /* Release */ = {
			isa = XCBuildConfiguration;
			buildSettings = {
				ALWAYS_SEARCH_USER_PATHS = NO;
				CLANG_ANALYZER_NONNULL = YES;
				CLANG_ANALYZER_NUMBER_OBJECT_CONVERSION = YES_AGGRESSIVE;
				CLANG_CXX_LANGUAGE_STANDARD = "gnu++20";
				CLANG_ENABLE_MODULES = YES;
				CLANG_ENABLE_OBJC_ARC = YES;
				CLANG_ENABLE_OBJC_WEAK = YES;
				CLANG_WARN_BLOCK_CAPTURE_AUTORELEASING = YES;
				CLANG_WARN_BOOL_CONVERSION = YES;
				CLANG_WARN_COMMA = YES;
				CLANG_WARN_CONSTANT_CONVERSION = YES;
				CLANG_WARN_DEPRECATED_OBJC_IMPLEMENTATIONS = YES;
				CLANG_WARN_DIRECT_OBJC_ISA_USAGE = YES_ERROR;
				CLANG_WARN_DOCUMENTATION_COMMENTS = YES;
				CLANG_WARN_EMPTY_BODY = YES;
				CLANG_WARN_ENUM_CONVERSION = YES;
				CLANG_WARN_INFINITE_RECURSION = YES;
				CLANG_WARN_INT_CONVERSION = YES;
				CLANG_WARN_NON_LITERAL_NULL_CONVERSION = YES;
				CLANG_WARN_OBJC_IMPLICIT_RETAIN_SELF = YES;
				CLANG_WARN_OBJC_LITERAL_CONVERSION = YES;
				CLANG_WARN_OBJC_ROOT_CLASS = YES_ERROR;
				CLANG_WARN_QUOTED_INCLUDE_IN_FRAMEWORK_HEADER = YES;
				CLANG_WARN_RANGE_LOOP_ANALYSIS = YES;
				CLANG_WARN_STRICT_PROTOTYPES = YES;
				CLANG_WARN_SUSPICIOUS_MOVE = YES;
				CLANG_WARN_UNGUARDED_AVAILABILITY = YES_AGGRESSIVE;
				CLANG_WARN_UNREACHABLE_CODE = YES;
				CLANG_WARN__DUPLICATE_METHOD_MATCH = YES;
				COPY_PHASE_STRIP = NO;
				DEBUG_INFORMATION_FORMAT = "dwarf-with-dsym";
				ENABLE_NS_ASSERTIONS = NO;
				ENABLE_STRICT_OBJC_MSGSEND = YES;
				GCC_C_LANGUAGE_STANDARD = gnu11;
				GCC_NO_COMMON_BLOCKS = YES;
				GCC_WARN_64_TO_32_BIT_CONVERSION = YES;
				GCC_WARN_ABOUT_RETURN_TYPE = YES_ERROR;
				GCC_WARN_UNDECLARED_SELECTOR = YES;
				GCC_WARN_UNINITIALIZED_AUTOS = YES_AGGRESSIVE;
				GCC_WARN_UNUSED_FUNCTION = YES;
				GCC_WARN_UNUSED_VARIABLE = YES;
				IPHONEOS_DEPLOYMENT_TARGET = 14.0;
				MTL_ENABLE_DEBUG_INFO = NO;
				MTL_FAST_MATH = YES;
				SDKROOT = iphoneos;
				SWIFT_COMPILATION_MODE = wholemodule;
				SWIFT_OPTIMIZATION_LEVEL = "-O";
				VALIDATE_PRODUCT = YES;
			};
			name = Release;
		};
		A384EB2F29BAFBC6005CC9E1 /* Debug */ = {
			isa = XCBuildConfiguration;
			buildSettings = {
				ALWAYS_EMBED_SWIFT_STANDARD_LIBRARIES = YES;
				ASSETCATALOG_COMPILER_APPICON_NAME = AppIcon;
				ASSETCATALOG_COMPILER_GLOBAL_ACCENT_COLOR_NAME = AccentColor;
				CODE_SIGN_ENTITLEMENTS = EthGasTracker/EthGasTracker.entitlements;
				CODE_SIGN_STYLE = Automatic;
				CURRENT_PROJECT_VERSION = 1;
				DEVELOPMENT_ASSET_PATHS = "\"EthGasTracker/Preview Content\"";
				DEVELOPMENT_TEAM = WGB8QNZPMK;
				ENABLE_PREVIEWS = YES;
				GENERATE_INFOPLIST_FILE = YES;
				INFOPLIST_FILE = EthGasTracker/Info.plist;
				INFOPLIST_KEY_CFBundleDisplayName = GAS;
				INFOPLIST_KEY_LSApplicationCategoryType = "public.app-category.finance";
				INFOPLIST_KEY_UIApplicationSupportsIndirectInputEvents = YES;
				INFOPLIST_KEY_UILaunchStoryboardName = "Launch Screen.storyboard";
				INFOPLIST_KEY_UIStatusBarStyle = "";
				INFOPLIST_KEY_UISupportedInterfaceOrientations = UIInterfaceOrientationPortrait;
				INFOPLIST_KEY_UISupportedInterfaceOrientations_iPad = "UIInterfaceOrientationLandscapeLeft UIInterfaceOrientationLandscapeRight UIInterfaceOrientationPortrait UIInterfaceOrientationPortraitUpsideDown";
				IPHONEOS_DEPLOYMENT_TARGET = 16.0;
				LD_RUNPATH_SEARCH_PATHS = (
					"$(inherited)",
					"@executable_path/Frameworks",
				);
				MARKETING_VERSION = 3.1.0;
				PRODUCT_BUNDLE_IDENTIFIER = TEMTEM.EthGasTracker;
				PRODUCT_NAME = "$(TARGET_NAME)";
				SUPPORTED_PLATFORMS = "iphoneos iphonesimulator";
				SUPPORTS_MACCATALYST = NO;
				SUPPORTS_MAC_DESIGNED_FOR_IPHONE_IPAD = NO;
				SWIFT_EMIT_LOC_STRINGS = YES;
				SWIFT_VERSION = 5.0;
				TARGETED_DEVICE_FAMILY = 1;
			};
			name = Debug;
		};
		A384EB3029BAFBC6005CC9E1 /* Release */ = {
			isa = XCBuildConfiguration;
			buildSettings = {
				ALWAYS_EMBED_SWIFT_STANDARD_LIBRARIES = YES;
				ASSETCATALOG_COMPILER_APPICON_NAME = AppIcon;
				ASSETCATALOG_COMPILER_GLOBAL_ACCENT_COLOR_NAME = AccentColor;
				CODE_SIGN_ENTITLEMENTS = EthGasTracker/EthGasTracker.entitlements;
				CODE_SIGN_STYLE = Automatic;
				CURRENT_PROJECT_VERSION = 1;
				DEVELOPMENT_ASSET_PATHS = "\"EthGasTracker/Preview Content\"";
				DEVELOPMENT_TEAM = WGB8QNZPMK;
				ENABLE_PREVIEWS = YES;
				GENERATE_INFOPLIST_FILE = YES;
				INFOPLIST_FILE = EthGasTracker/Info.plist;
				INFOPLIST_KEY_CFBundleDisplayName = GAS;
				INFOPLIST_KEY_LSApplicationCategoryType = "public.app-category.finance";
				INFOPLIST_KEY_UIApplicationSupportsIndirectInputEvents = YES;
				INFOPLIST_KEY_UILaunchStoryboardName = "Launch Screen.storyboard";
				INFOPLIST_KEY_UIStatusBarStyle = "";
				INFOPLIST_KEY_UISupportedInterfaceOrientations = UIInterfaceOrientationPortrait;
				INFOPLIST_KEY_UISupportedInterfaceOrientations_iPad = "UIInterfaceOrientationLandscapeLeft UIInterfaceOrientationLandscapeRight UIInterfaceOrientationPortrait UIInterfaceOrientationPortraitUpsideDown";
				IPHONEOS_DEPLOYMENT_TARGET = 16.0;
				LD_RUNPATH_SEARCH_PATHS = (
					"$(inherited)",
					"@executable_path/Frameworks",
				);
				MARKETING_VERSION = 3.1.0;
				PRODUCT_BUNDLE_IDENTIFIER = TEMTEM.EthGasTracker;
				PRODUCT_NAME = "$(TARGET_NAME)";
				SUPPORTED_PLATFORMS = "iphoneos iphonesimulator";
				SUPPORTS_MACCATALYST = NO;
				SUPPORTS_MAC_DESIGNED_FOR_IPHONE_IPAD = NO;
				SWIFT_EMIT_LOC_STRINGS = YES;
				SWIFT_VERSION = 5.0;
				TARGETED_DEVICE_FAMILY = 1;
			};
			name = Release;
		};
		A38C56672A12C7C6004ABF21 /* Debug */ = {
			isa = XCBuildConfiguration;
			buildSettings = {
				ASSETCATALOG_COMPILER_GLOBAL_ACCENT_COLOR_NAME = AccentColor;
				ASSETCATALOG_COMPILER_WIDGET_BACKGROUND_COLOR_NAME = WidgetBackground;
				CODE_SIGN_ENTITLEMENTS = EthGasWidgetExtension.entitlements;
				CODE_SIGN_STYLE = Automatic;
				CURRENT_PROJECT_VERSION = 1;
				DEVELOPMENT_TEAM = WGB8QNZPMK;
				GENERATE_INFOPLIST_FILE = YES;
				INFOPLIST_FILE = EthGasWidget/Info.plist;
				INFOPLIST_KEY_CFBundleDisplayName = EthGasWidget;
				INFOPLIST_KEY_NSHumanReadableCopyright = "";
				IPHONEOS_DEPLOYMENT_TARGET = 16.1;
				LD_RUNPATH_SEARCH_PATHS = (
					"$(inherited)",
					"@executable_path/Frameworks",
					"@executable_path/../../Frameworks",
				);
				MARKETING_VERSION = 1.0;
				PRODUCT_BUNDLE_IDENTIFIER = TEMTEM.EthGasTracker.EthGasWidget;
				PRODUCT_NAME = "$(TARGET_NAME)";
				SKIP_INSTALL = YES;
				SWIFT_EMIT_LOC_STRINGS = YES;
				SWIFT_VERSION = 5.0;
				TARGETED_DEVICE_FAMILY = "1,2";
			};
			name = Debug;
		};
		A38C56682A12C7C6004ABF21 /* Release */ = {
			isa = XCBuildConfiguration;
			buildSettings = {
				ASSETCATALOG_COMPILER_GLOBAL_ACCENT_COLOR_NAME = AccentColor;
				ASSETCATALOG_COMPILER_WIDGET_BACKGROUND_COLOR_NAME = WidgetBackground;
				CODE_SIGN_ENTITLEMENTS = EthGasWidgetExtension.entitlements;
				CODE_SIGN_STYLE = Automatic;
				CURRENT_PROJECT_VERSION = 1;
				DEVELOPMENT_TEAM = WGB8QNZPMK;
				GENERATE_INFOPLIST_FILE = YES;
				INFOPLIST_FILE = EthGasWidget/Info.plist;
				INFOPLIST_KEY_CFBundleDisplayName = EthGasWidget;
				INFOPLIST_KEY_NSHumanReadableCopyright = "";
				IPHONEOS_DEPLOYMENT_TARGET = 16.1;
				LD_RUNPATH_SEARCH_PATHS = (
					"$(inherited)",
					"@executable_path/Frameworks",
					"@executable_path/../../Frameworks",
				);
				MARKETING_VERSION = 1.0;
				PRODUCT_BUNDLE_IDENTIFIER = TEMTEM.EthGasTracker.EthGasWidget;
				PRODUCT_NAME = "$(TARGET_NAME)";
				SKIP_INSTALL = YES;
				SWIFT_EMIT_LOC_STRINGS = YES;
				SWIFT_VERSION = 5.0;
				TARGETED_DEVICE_FAMILY = "1,2";
			};
			name = Release;
		};
/* End XCBuildConfiguration section */

/* Begin XCConfigurationList section */
		A384EB1B29BAFBC5005CC9E1 /* Build configuration list for PBXProject "EthGasTracker" */ = {
			isa = XCConfigurationList;
			buildConfigurations = (
				A384EB2C29BAFBC6005CC9E1 /* Debug */,
				A384EB2D29BAFBC6005CC9E1 /* Release */,
			);
			defaultConfigurationIsVisible = 0;
			defaultConfigurationName = Release;
		};
		A384EB2E29BAFBC6005CC9E1 /* Build configuration list for PBXNativeTarget "EthGasTracker" */ = {
			isa = XCConfigurationList;
			buildConfigurations = (
				A384EB2F29BAFBC6005CC9E1 /* Debug */,
				A384EB3029BAFBC6005CC9E1 /* Release */,
			);
			defaultConfigurationIsVisible = 0;
			defaultConfigurationName = Release;
		};
		A38C56692A12C7C6004ABF21 /* Build configuration list for PBXNativeTarget "EthGasWidgetExtension" */ = {
			isa = XCConfigurationList;
			buildConfigurations = (
				A38C56672A12C7C6004ABF21 /* Debug */,
				A38C56682A12C7C6004ABF21 /* Release */,
			);
			defaultConfigurationIsVisible = 0;
			defaultConfigurationName = Release;
		};
/* End XCConfigurationList section */

/* Begin XCRemoteSwiftPackageReference section */
		A332503A2AA2958E00A5B6B3 /* XCRemoteSwiftPackageReference "firebase-ios-sdk" */ = {
			isa = XCRemoteSwiftPackageReference;
			repositoryURL = "https://github.com/firebase/firebase-ios-sdk";
			requirement = {
				kind = upToNextMajorVersion;
				minimumVersion = 9.0.0;
			};
		};
		A3B95ED82AA3ED420010657A /* XCRemoteSwiftPackageReference "Snappable" */ = {
			isa = XCRemoteSwiftPackageReference;
			repositoryURL = "https://github.com/hugehoge/Snappable.git";
			requirement = {
				kind = upToNextMajorVersion;
				minimumVersion = 0.3.0;
			};
		};
/* End XCRemoteSwiftPackageReference section */

/* Begin XCSwiftPackageProductDependency section */
		A332503B2AA2958E00A5B6B3 /* FirebaseAnalytics */ = {
			isa = XCSwiftPackageProductDependency;
			package = A332503A2AA2958E00A5B6B3 /* XCRemoteSwiftPackageReference "firebase-ios-sdk" */;
			productName = FirebaseAnalytics;
		};
		A332503D2AA2958E00A5B6B3 /* FirebaseAnalyticsWithoutAdIdSupport */ = {
			isa = XCSwiftPackageProductDependency;
			package = A332503A2AA2958E00A5B6B3 /* XCRemoteSwiftPackageReference "firebase-ios-sdk" */;
			productName = FirebaseAnalyticsWithoutAdIdSupport;
		};
		A3B95ED92AA3ED420010657A /* Snappable */ = {
			isa = XCSwiftPackageProductDependency;
			package = A3B95ED82AA3ED420010657A /* XCRemoteSwiftPackageReference "Snappable" */;
			productName = Snappable;
		};
		A3B95EDB2AA3F0030010657A /* Snappable */ = {
			isa = XCSwiftPackageProductDependency;
			package = A3B95ED82AA3ED420010657A /* XCRemoteSwiftPackageReference "Snappable" */;
			productName = Snappable;
		};
/* End XCSwiftPackageProductDependency section */

/* Begin XCVersionGroup section */
		A384EB3129BAFD3B005CC9E1 /* Gas.xcdatamodeld */ = {
			isa = XCVersionGroup;
			children = (
				A384EB3229BAFD3B005CC9E1 /* Gas.xcdatamodel */,
			);
			currentVersion = A384EB3229BAFD3B005CC9E1 /* Gas.xcdatamodel */;
			path = Gas.xcdatamodeld;
			sourceTree = "<group>";
			versionGroupType = wrapper.xcdatamodel;
		};
/* End XCVersionGroup section */
	};
	rootObject = A384EB1829BAFBC5005CC9E1 /* Project object */;
}
