// !$*UTF8*$!
{
	archiveVersion = 1;
	classes = {
	};
	objectVersion = 56;
	objects = {

/* Begin PBXBuildFile section */
		A317CCF029CBF497001B8492 /* lightweight.gif in Resources */ = {isa = PBXBuildFile; fileRef = A317CCEF29CBF497001B8492 /* lightweight.gif */; };
		A320810C2A42680D00857E02 /* EthGasWidgetSmall.swift in Sources */ = {isa = PBXBuildFile; fileRef = A320810B2A42680D00857E02 /* EthGasWidgetSmall.swift */; };
		A320810E2A426D4900857E02 /* EthGasWidgetHigh2.swift in Sources */ = {isa = PBXBuildFile; fileRef = A320810D2A426D4900857E02 /* EthGasWidgetHigh2.swift */; };
		A32081102A42718D00857E02 /* GridView.swift in Sources */ = {isa = PBXBuildFile; fileRef = A320810F2A42718D00857E02 /* GridView.swift */; };
		A32081122A427AE800857E02 /* EthGasWidgetLarge.swift in Sources */ = {isa = PBXBuildFile; fileRef = A32081112A427AE800857E02 /* EthGasWidgetLarge.swift */; };
		A32081142A427E2100857E02 /* EthGasWidgetMedium.swift in Sources */ = {isa = PBXBuildFile; fileRef = A32081132A427E2100857E02 /* EthGasWidgetMedium.swift */; };
		A32081162A42922D00857E02 /* SettingsView.swift in Sources */ = {isa = PBXBuildFile; fileRef = A32081152A42922D00857E02 /* SettingsView.swift */; };
		A32081182A42A36200857E02 /* FeedbackButtonView.swift in Sources */ = {isa = PBXBuildFile; fileRef = A32081172A42A36200857E02 /* FeedbackButtonView.swift */; };
		A320811A2A43C85E00857E02 /* MessagesView.swift in Sources */ = {isa = PBXBuildFile; fileRef = A32081192A43C85E00857E02 /* MessagesView.swift */; };
		A32A16462A06A9F700F04CC7 /* AvgChart.swift in Sources */ = {isa = PBXBuildFile; fileRef = A32A16452A06A9F700F04CC7 /* AvgChart.swift */; };
		A33ABB2C2A46531E00D27DC8 /* ChangelogView.swift in Sources */ = {isa = PBXBuildFile; fileRef = A33ABB2B2A46531E00D27DC8 /* ChangelogView.swift */; };
		A34D906E29C28EDE002F2310 /* FetcherViewModel.swift in Sources */ = {isa = PBXBuildFile; fileRef = A34D906D29C28EDE002F2310 /* FetcherViewModel.swift */; };
		A34D907029C2918D002F2310 /* FetchView.swift in Sources */ = {isa = PBXBuildFile; fileRef = A34D906F29C2918D002F2310 /* FetchView.swift */; };
		A34D907229C2B1A9002F2310 /* StatusBar.swift in Sources */ = {isa = PBXBuildFile; fileRef = A34D907129C2B1A9002F2310 /* StatusBar.swift */; };
		A34D907429C2B52E002F2310 /* TimerView.swift in Sources */ = {isa = PBXBuildFile; fileRef = A34D907329C2B52E002F2310 /* TimerView.swift */; };
		A3501C8C2A35F79600057C1C /* FetcherViewModel.swift in Sources */ = {isa = PBXBuildFile; fileRef = A34D906D29C28EDE002F2310 /* FetcherViewModel.swift */; };
		A3501C8D2A35F8BA00057C1C /* AvgChart.swift in Sources */ = {isa = PBXBuildFile; fileRef = A32A16452A06A9F700F04CC7 /* AvgChart.swift */; };
		A3501C8F2A361C1600057C1C /* Assets.xcassets in Resources */ = {isa = PBXBuildFile; fileRef = A384EB2729BAFBC6005CC9E1 /* Assets.xcassets */; };
		A3501C922A36A15200057C1C /* EthGasWidgetLow.swift in Sources */ = {isa = PBXBuildFile; fileRef = A3501C902A36A15200057C1C /* EthGasWidgetLow.swift */; };
		A3501C932A36A32600057C1C /* LowChart.swift in Sources */ = {isa = PBXBuildFile; fileRef = A3A4D4E02A082E47008E4CE7 /* LowChart.swift */; };
		A3501C952A36A70C00057C1C /* EthGasWidgetHigh.swift in Sources */ = {isa = PBXBuildFile; fileRef = A3501C942A36A70C00057C1C /* EthGasWidgetHigh.swift */; };
		A3501C962A36A75400057C1C /* HighChart.swift in Sources */ = {isa = PBXBuildFile; fileRef = A3A4D4E22A0835C2008E4CE7 /* HighChart.swift */; };
		A3501C982A36AAE600057C1C /* EthGasWidgetAll.swift in Sources */ = {isa = PBXBuildFile; fileRef = A3501C972A36AAE600057C1C /* EthGasWidgetAll.swift */; };
		A3501C9A2A36B47700057C1C /* LockScreenWidget.swift in Sources */ = {isa = PBXBuildFile; fileRef = A3501C992A36B47700057C1C /* LockScreenWidget.swift */; };
		A37D69152A1E35F500ECF1CA /* NotificationLimitPicker.swift in Sources */ = {isa = PBXBuildFile; fileRef = A37D69142A1E35F500ECF1CA /* NotificationLimitPicker.swift */; };
		A384EB2429BAFBC5005CC9E1 /* EthGasTrackerApp.swift in Sources */ = {isa = PBXBuildFile; fileRef = A384EB2329BAFBC5005CC9E1 /* EthGasTrackerApp.swift */; };
		A384EB2829BAFBC6005CC9E1 /* Assets.xcassets in Resources */ = {isa = PBXBuildFile; fileRef = A384EB2729BAFBC6005CC9E1 /* Assets.xcassets */; };
		A384EB2B29BAFBC6005CC9E1 /* Preview Assets.xcassets in Resources */ = {isa = PBXBuildFile; fileRef = A384EB2A29BAFBC6005CC9E1 /* Preview Assets.xcassets */; };
		A384EB3329BAFD3B005CC9E1 /* Gas.xcdatamodeld in Sources */ = {isa = PBXBuildFile; fileRef = A384EB3129BAFD3B005CC9E1 /* Gas.xcdatamodeld */; };
		A384EB3529BAFDA1005CC9E1 /* DataController.swift in Sources */ = {isa = PBXBuildFile; fileRef = A384EB3429BAFDA1005CC9E1 /* DataController.swift */; };
		A38C56562A12C7C5004ABF21 /* WidgetKit.framework in Frameworks */ = {isa = PBXBuildFile; fileRef = A38C56552A12C7C5004ABF21 /* WidgetKit.framework */; };
		A38C56582A12C7C5004ABF21 /* SwiftUI.framework in Frameworks */ = {isa = PBXBuildFile; fileRef = A38C56572A12C7C5004ABF21 /* SwiftUI.framework */; };
		A38C565B2A12C7C5004ABF21 /* EthGasWidgetBundle.swift in Sources */ = {isa = PBXBuildFile; fileRef = A38C565A2A12C7C5004ABF21 /* EthGasWidgetBundle.swift */; };
		A38C565D2A12C7C5004ABF21 /* EthGasWidgetLiveActivity.swift in Sources */ = {isa = PBXBuildFile; fileRef = A38C565C2A12C7C5004ABF21 /* EthGasWidgetLiveActivity.swift */; };
		A38C565F2A12C7C5004ABF21 /* EthGasWidget.swift in Sources */ = {isa = PBXBuildFile; fileRef = A38C565E2A12C7C5004ABF21 /* EthGasWidget.swift */; };
		A38C56612A12C7C6004ABF21 /* Assets.xcassets in Resources */ = {isa = PBXBuildFile; fileRef = A38C56602A12C7C6004ABF21 /* Assets.xcassets */; };
		A38C56652A12C7C6004ABF21 /* EthGasWidgetExtension.appex in Embed Foundation Extensions */ = {isa = PBXBuildFile; fileRef = A38C56532A12C7C5004ABF21 /* EthGasWidgetExtension.appex */; settings = {ATTRIBUTES = (RemoveHeadersOnCopy, ); }; };
		A38C566C2A12D39F004ABF21 /* Fetch.swift in Sources */ = {isa = PBXBuildFile; fileRef = A3E3655A29BD2EF800DC3016 /* Fetch.swift */; };
		A394E00329EA467100E45DEF /* PlainGasView.swift in Sources */ = {isa = PBXBuildFile; fileRef = A394E00229EA467100E45DEF /* PlainGasView.swift */; };
		A394E00529EA4C8D00E45DEF /* NotificationView.swift in Sources */ = {isa = PBXBuildFile; fileRef = A394E00429EA4C8D00E45DEF /* NotificationView.swift */; };
		A394E00A29EA505000E45DEF /* SendThreshold.swift in Sources */ = {isa = PBXBuildFile; fileRef = A394E00929EA505000E45DEF /* SendThreshold.swift */; };
		A394E00E29EA54B300E45DEF /* NotificationDelegate.swift in Sources */ = {isa = PBXBuildFile; fileRef = A394E00D29EA54B300E45DEF /* NotificationDelegate.swift */; };
		A394E01029EA55F400E45DEF /* NotificationManager.swift in Sources */ = {isa = PBXBuildFile; fileRef = A394E00F29EA55F400E45DEF /* NotificationManager.swift */; };
		A394E01629EB1AE000E45DEF /* ThresholdStorage.swift in Sources */ = {isa = PBXBuildFile; fileRef = A394E01529EB1AE000E45DEF /* ThresholdStorage.swift */; };
		A3A4D4E12A082E47008E4CE7 /* LowChart.swift in Sources */ = {isa = PBXBuildFile; fileRef = A3A4D4E02A082E47008E4CE7 /* LowChart.swift */; };
		A3A4D4E32A0835C2008E4CE7 /* HighChart.swift in Sources */ = {isa = PBXBuildFile; fileRef = A3A4D4E22A0835C2008E4CE7 /* HighChart.swift */; };
		A3A4D4E52A084FA6008E4CE7 /* BarsChart.swift in Sources */ = {isa = PBXBuildFile; fileRef = A3A4D4E42A084FA6008E4CE7 /* BarsChart.swift */; };
		A3CB1FDF29EC6C6D006A52A5 /* ThresholdInputView.swift in Sources */ = {isa = PBXBuildFile; fileRef = A3CB1FDE29EC6C6D006A52A5 /* ThresholdInputView.swift */; };
		A3CB1FE129EC7195006A52A5 /* ThresholdListView.swift in Sources */ = {isa = PBXBuildFile; fileRef = A3CB1FE029EC7195006A52A5 /* ThresholdListView.swift */; };
		A3DB1D672A0E4DA500372A58 /* HeatMap.swift in Sources */ = {isa = PBXBuildFile; fileRef = A3DB1D662A0E4DA500372A58 /* HeatMap.swift */; };
		A3DB1D692A0E75EE00372A58 /* HeatMapView.swift in Sources */ = {isa = PBXBuildFile; fileRef = A3DB1D682A0E75EE00372A58 /* HeatMapView.swift */; };
		A3E3655929BC39BC00DC3016 /* AppDelegate.swift in Sources */ = {isa = PBXBuildFile; fileRef = A3E3655829BC39BC00DC3016 /* AppDelegate.swift */; };
		A3E3655B29BD2EF800DC3016 /* Fetch.swift in Sources */ = {isa = PBXBuildFile; fileRef = A3E3655A29BD2EF800DC3016 /* Fetch.swift */; };
		A3E3656129BD46DF00DC3016 /* NetworkMonitor.swift in Sources */ = {isa = PBXBuildFile; fileRef = A3E3656029BD46DF00DC3016 /* NetworkMonitor.swift */; };
		A3E3656329BD476B00DC3016 /* ContentView.swift in Sources */ = {isa = PBXBuildFile; fileRef = A3E3656229BD476B00DC3016 /* ContentView.swift */; };
		A3F731EF2A11CD4200AB10D2 /* Helpers.swift in Sources */ = {isa = PBXBuildFile; fileRef = A3F731EE2A11CD4200AB10D2 /* Helpers.swift */; };
/* End PBXBuildFile section */

/* Begin PBXContainerItemProxy section */
		A38C56632A12C7C6004ABF21 /* PBXContainerItemProxy */ = {
			isa = PBXContainerItemProxy;
			containerPortal = A384EB1829BAFBC5005CC9E1 /* Project object */;
			proxyType = 1;
			remoteGlobalIDString = A38C56522A12C7C5004ABF21;
			remoteInfo = EthGasWidgetExtension;
		};
/* End PBXContainerItemProxy section */

/* Begin PBXCopyFilesBuildPhase section */
		A38C56662A12C7C6004ABF21 /* Embed Foundation Extensions */ = {
			isa = PBXCopyFilesBuildPhase;
			buildActionMask = 2147483647;
			dstPath = "";
			dstSubfolderSpec = 13;
			files = (
				A38C56652A12C7C6004ABF21 /* EthGasWidgetExtension.appex in Embed Foundation Extensions */,
			);
			name = "Embed Foundation Extensions";
			runOnlyForDeploymentPostprocessing = 0;
		};
/* End PBXCopyFilesBuildPhase section */

/* Begin PBXFileReference section */
		A317CCEF29CBF497001B8492 /* lightweight.gif */ = {isa = PBXFileReference; lastKnownFileType = image.gif; name = lightweight.gif; path = ../../../../../Downloads/lightweight.gif; sourceTree = "<group>"; };
		A320810B2A42680D00857E02 /* EthGasWidgetSmall.swift */ = {isa = PBXFileReference; lastKnownFileType = sourcecode.swift; path = EthGasWidgetSmall.swift; sourceTree = "<group>"; };
		A320810D2A426D4900857E02 /* EthGasWidgetHigh2.swift */ = {isa = PBXFileReference; lastKnownFileType = sourcecode.swift; path = EthGasWidgetHigh2.swift; sourceTree = "<group>"; };
		A320810F2A42718D00857E02 /* GridView.swift */ = {isa = PBXFileReference; lastKnownFileType = sourcecode.swift; path = GridView.swift; sourceTree = "<group>"; };
		A32081112A427AE800857E02 /* EthGasWidgetLarge.swift */ = {isa = PBXFileReference; lastKnownFileType = sourcecode.swift; path = EthGasWidgetLarge.swift; sourceTree = "<group>"; };
		A32081132A427E2100857E02 /* EthGasWidgetMedium.swift */ = {isa = PBXFileReference; lastKnownFileType = sourcecode.swift; path = EthGasWidgetMedium.swift; sourceTree = "<group>"; };
		A32081152A42922D00857E02 /* SettingsView.swift */ = {isa = PBXFileReference; lastKnownFileType = sourcecode.swift; path = SettingsView.swift; sourceTree = "<group>"; };
		A32081172A42A36200857E02 /* FeedbackButtonView.swift */ = {isa = PBXFileReference; lastKnownFileType = sourcecode.swift; path = FeedbackButtonView.swift; sourceTree = "<group>"; };
		A32081192A43C85E00857E02 /* MessagesView.swift */ = {isa = PBXFileReference; lastKnownFileType = sourcecode.swift; path = MessagesView.swift; sourceTree = "<group>"; };
		A32A16452A06A9F700F04CC7 /* AvgChart.swift */ = {isa = PBXFileReference; lastKnownFileType = sourcecode.swift; path = AvgChart.swift; sourceTree = "<group>"; };
		A33ABB2B2A46531E00D27DC8 /* ChangelogView.swift */ = {isa = PBXFileReference; lastKnownFileType = sourcecode.swift; path = ChangelogView.swift; sourceTree = "<group>"; };
		A34D906D29C28EDE002F2310 /* FetcherViewModel.swift */ = {isa = PBXFileReference; lastKnownFileType = sourcecode.swift; path = FetcherViewModel.swift; sourceTree = "<group>"; };
		A34D906F29C2918D002F2310 /* FetchView.swift */ = {isa = PBXFileReference; lastKnownFileType = sourcecode.swift; path = FetchView.swift; sourceTree = "<group>"; };
		A34D907129C2B1A9002F2310 /* StatusBar.swift */ = {isa = PBXFileReference; lastKnownFileType = sourcecode.swift; path = StatusBar.swift; sourceTree = "<group>"; };
		A34D907329C2B52E002F2310 /* TimerView.swift */ = {isa = PBXFileReference; lastKnownFileType = sourcecode.swift; path = TimerView.swift; sourceTree = "<group>"; };
		A3501C8E2A3601FF00057C1C /* EthGasWidgetExtension.entitlements */ = {isa = PBXFileReference; lastKnownFileType = text.plist.entitlements; path = EthGasWidgetExtension.entitlements; sourceTree = "<group>"; };
		A3501C902A36A15200057C1C /* EthGasWidgetLow.swift */ = {isa = PBXFileReference; lastKnownFileType = sourcecode.swift; path = EthGasWidgetLow.swift; sourceTree = "<group>"; };
		A3501C942A36A70C00057C1C /* EthGasWidgetHigh.swift */ = {isa = PBXFileReference; lastKnownFileType = sourcecode.swift; path = EthGasWidgetHigh.swift; sourceTree = "<group>"; };
		A3501C972A36AAE600057C1C /* EthGasWidgetAll.swift */ = {isa = PBXFileReference; lastKnownFileType = sourcecode.swift; path = EthGasWidgetAll.swift; sourceTree = "<group>"; };
		A3501C992A36B47700057C1C /* LockScreenWidget.swift */ = {isa = PBXFileReference; lastKnownFileType = sourcecode.swift; path = LockScreenWidget.swift; sourceTree = "<group>"; };
		A37D69142A1E35F500ECF1CA /* NotificationLimitPicker.swift */ = {isa = PBXFileReference; lastKnownFileType = sourcecode.swift; path = NotificationLimitPicker.swift; sourceTree = "<group>"; };
		A384EB2029BAFBC5005CC9E1 /* EthGasTracker.app */ = {isa = PBXFileReference; explicitFileType = wrapper.application; includeInIndex = 0; path = EthGasTracker.app; sourceTree = BUILT_PRODUCTS_DIR; };
		A384EB2329BAFBC5005CC9E1 /* EthGasTrackerApp.swift */ = {isa = PBXFileReference; lastKnownFileType = sourcecode.swift; path = EthGasTrackerApp.swift; sourceTree = "<group>"; };
		A384EB2729BAFBC6005CC9E1 /* Assets.xcassets */ = {isa = PBXFileReference; lastKnownFileType = folder.assetcatalog; path = Assets.xcassets; sourceTree = "<group>"; };
		A384EB2A29BAFBC6005CC9E1 /* Preview Assets.xcassets */ = {isa = PBXFileReference; lastKnownFileType = folder.assetcatalog; path = "Preview Assets.xcassets"; sourceTree = "<group>"; };
		A384EB3229BAFD3B005CC9E1 /* Gas.xcdatamodel */ = {isa = PBXFileReference; lastKnownFileType = wrapper.xcdatamodel; path = Gas.xcdatamodel; sourceTree = "<group>"; };
		A384EB3429BAFDA1005CC9E1 /* DataController.swift */ = {isa = PBXFileReference; lastKnownFileType = sourcecode.swift; path = DataController.swift; sourceTree = "<group>"; };
		A384EB3829BBE913005CC9E1 /* Info.plist */ = {isa = PBXFileReference; lastKnownFileType = text.plist; path = Info.plist; sourceTree = "<group>"; };
		A38C56532A12C7C5004ABF21 /* EthGasWidgetExtension.appex */ = {isa = PBXFileReference; explicitFileType = "wrapper.app-extension"; includeInIndex = 0; path = EthGasWidgetExtension.appex; sourceTree = BUILT_PRODUCTS_DIR; };
		A38C56552A12C7C5004ABF21 /* WidgetKit.framework */ = {isa = PBXFileReference; lastKnownFileType = wrapper.framework; name = WidgetKit.framework; path = System/Library/Frameworks/WidgetKit.framework; sourceTree = SDKROOT; };
		A38C56572A12C7C5004ABF21 /* SwiftUI.framework */ = {isa = PBXFileReference; lastKnownFileType = wrapper.framework; name = SwiftUI.framework; path = System/Library/Frameworks/SwiftUI.framework; sourceTree = SDKROOT; };
		A38C565A2A12C7C5004ABF21 /* EthGasWidgetBundle.swift */ = {isa = PBXFileReference; lastKnownFileType = sourcecode.swift; path = EthGasWidgetBundle.swift; sourceTree = "<group>"; };
		A38C565C2A12C7C5004ABF21 /* EthGasWidgetLiveActivity.swift */ = {isa = PBXFileReference; lastKnownFileType = sourcecode.swift; path = EthGasWidgetLiveActivity.swift; sourceTree = "<group>"; };
		A38C565E2A12C7C5004ABF21 /* EthGasWidget.swift */ = {isa = PBXFileReference; lastKnownFileType = sourcecode.swift; path = EthGasWidget.swift; sourceTree = "<group>"; };
		A38C56602A12C7C6004ABF21 /* Assets.xcassets */ = {isa = PBXFileReference; lastKnownFileType = folder.assetcatalog; path = Assets.xcassets; sourceTree = "<group>"; };
		A38C56622A12C7C6004ABF21 /* Info.plist */ = {isa = PBXFileReference; lastKnownFileType = text.plist.xml; path = Info.plist; sourceTree = "<group>"; };
		A394E00229EA467100E45DEF /* PlainGasView.swift */ = {isa = PBXFileReference; lastKnownFileType = sourcecode.swift; path = PlainGasView.swift; sourceTree = "<group>"; };
		A394E00429EA4C8D00E45DEF /* NotificationView.swift */ = {isa = PBXFileReference; lastKnownFileType = sourcecode.swift; path = NotificationView.swift; sourceTree = "<group>"; };
		A394E00629EA4E3000E45DEF /* EthGasTracker.entitlements */ = {isa = PBXFileReference; lastKnownFileType = text.plist.entitlements; path = EthGasTracker.entitlements; sourceTree = "<group>"; };
		A394E00929EA505000E45DEF /* SendThreshold.swift */ = {isa = PBXFileReference; lastKnownFileType = sourcecode.swift; path = SendThreshold.swift; sourceTree = "<group>"; };
		A394E00D29EA54B300E45DEF /* NotificationDelegate.swift */ = {isa = PBXFileReference; lastKnownFileType = sourcecode.swift; path = NotificationDelegate.swift; sourceTree = "<group>"; };
		A394E00F29EA55F400E45DEF /* NotificationManager.swift */ = {isa = PBXFileReference; lastKnownFileType = sourcecode.swift; path = NotificationManager.swift; sourceTree = "<group>"; };
		A394E01529EB1AE000E45DEF /* ThresholdStorage.swift */ = {isa = PBXFileReference; lastKnownFileType = sourcecode.swift; path = ThresholdStorage.swift; sourceTree = "<group>"; };
		A3A4D4E02A082E47008E4CE7 /* LowChart.swift */ = {isa = PBXFileReference; lastKnownFileType = sourcecode.swift; path = LowChart.swift; sourceTree = "<group>"; };
		A3A4D4E22A0835C2008E4CE7 /* HighChart.swift */ = {isa = PBXFileReference; lastKnownFileType = sourcecode.swift; path = HighChart.swift; sourceTree = "<group>"; };
		A3A4D4E42A084FA6008E4CE7 /* BarsChart.swift */ = {isa = PBXFileReference; lastKnownFileType = sourcecode.swift; path = BarsChart.swift; sourceTree = "<group>"; };
		A3CB1FDE29EC6C6D006A52A5 /* ThresholdInputView.swift */ = {isa = PBXFileReference; lastKnownFileType = sourcecode.swift; path = ThresholdInputView.swift; sourceTree = "<group>"; };
		A3CB1FE029EC7195006A52A5 /* ThresholdListView.swift */ = {isa = PBXFileReference; lastKnownFileType = sourcecode.swift; path = ThresholdListView.swift; sourceTree = "<group>"; };
		A3DB1D662A0E4DA500372A58 /* HeatMap.swift */ = {isa = PBXFileReference; lastKnownFileType = sourcecode.swift; path = HeatMap.swift; sourceTree = "<group>"; };
		A3DB1D682A0E75EE00372A58 /* HeatMapView.swift */ = {isa = PBXFileReference; lastKnownFileType = sourcecode.swift; path = HeatMapView.swift; sourceTree = "<group>"; };
		A3E3655829BC39BC00DC3016 /* AppDelegate.swift */ = {isa = PBXFileReference; lastKnownFileType = sourcecode.swift; path = AppDelegate.swift; sourceTree = "<group>"; };
		A3E3655A29BD2EF800DC3016 /* Fetch.swift */ = {isa = PBXFileReference; lastKnownFileType = sourcecode.swift; path = Fetch.swift; sourceTree = "<group>"; };
		A3E3656029BD46DF00DC3016 /* NetworkMonitor.swift */ = {isa = PBXFileReference; lastKnownFileType = sourcecode.swift; path = NetworkMonitor.swift; sourceTree = "<group>"; };
		A3E3656229BD476B00DC3016 /* ContentView.swift */ = {isa = PBXFileReference; lastKnownFileType = sourcecode.swift; path = ContentView.swift; sourceTree = "<group>"; };
		A3F731EE2A11CD4200AB10D2 /* Helpers.swift */ = {isa = PBXFileReference; lastKnownFileType = sourcecode.swift; path = Helpers.swift; sourceTree = "<group>"; };
/* End PBXFileReference section */

/* Begin PBXFrameworksBuildPhase section */
		A384EB1D29BAFBC5005CC9E1 /* Frameworks */ = {
			isa = PBXFrameworksBuildPhase;
			buildActionMask = 2147483647;
			files = (
			);
			runOnlyForDeploymentPostprocessing = 0;
		};
		A38C56502A12C7C5004ABF21 /* Frameworks */ = {
			isa = PBXFrameworksBuildPhase;
			buildActionMask = 2147483647;
			files = (
				A38C56582A12C7C5004ABF21 /* SwiftUI.framework in Frameworks */,
				A38C56562A12C7C5004ABF21 /* WidgetKit.framework in Frameworks */,
			);
			runOnlyForDeploymentPostprocessing = 0;
		};
/* End PBXFrameworksBuildPhase section */

/* Begin PBXGroup section */
		A32A163F2A06A78800F04CC7 /* Views */ = {
			isa = PBXGroup;
			children = (
				A32A16442A06A9E400F04CC7 /* Chart */,
				A32A16432A06A8F700F04CC7 /* Gas */,
				A32A16422A06A8C600F04CC7 /* StatusBarFetcher */,
				A32A16412A06A8B000F04CC7 /* Notification */,
				A32081152A42922D00857E02 /* SettingsView.swift */,
				A32081172A42A36200857E02 /* FeedbackButtonView.swift */,
				A32081192A43C85E00857E02 /* MessagesView.swift */,
				A33ABB2B2A46531E00D27DC8 /* ChangelogView.swift */,
			);
			path = Views;
			sourceTree = "<group>";
		};
		A32A16402A06A87000F04CC7 /* api */ = {
			isa = PBXGroup;
			children = (
				A394E00929EA505000E45DEF /* SendThreshold.swift */,
				A3E3655A29BD2EF800DC3016 /* Fetch.swift */,
			);
			path = api;
			sourceTree = "<group>";
		};
		A32A16412A06A8B000F04CC7 /* Notification */ = {
			isa = PBXGroup;
			children = (
				A394E00429EA4C8D00E45DEF /* NotificationView.swift */,
				A3CB1FDE29EC6C6D006A52A5 /* ThresholdInputView.swift */,
				A37D69142A1E35F500ECF1CA /* NotificationLimitPicker.swift */,
				A3CB1FE029EC7195006A52A5 /* ThresholdListView.swift */,
			);
			path = Notification;
			sourceTree = "<group>";
		};
		A32A16422A06A8C600F04CC7 /* StatusBarFetcher */ = {
			isa = PBXGroup;
			children = (
				A34D907329C2B52E002F2310 /* TimerView.swift */,
				A34D907129C2B1A9002F2310 /* StatusBar.swift */,
				A34D906D29C28EDE002F2310 /* FetcherViewModel.swift */,
				A34D906F29C2918D002F2310 /* FetchView.swift */,
			);
			path = StatusBarFetcher;
			sourceTree = "<group>";
		};
		A32A16432A06A8F700F04CC7 /* Gas */ = {
			isa = PBXGroup;
			children = (
				A394E00229EA467100E45DEF /* PlainGasView.swift */,
			);
			path = Gas;
			sourceTree = "<group>";
		};
		A32A16442A06A9E400F04CC7 /* Chart */ = {
			isa = PBXGroup;
			children = (
				A32A16452A06A9F700F04CC7 /* AvgChart.swift */,
				A3A4D4E02A082E47008E4CE7 /* LowChart.swift */,
				A3A4D4E22A0835C2008E4CE7 /* HighChart.swift */,
				A3A4D4E42A084FA6008E4CE7 /* BarsChart.swift */,
				A3DB1D662A0E4DA500372A58 /* HeatMap.swift */,
				A3DB1D682A0E75EE00372A58 /* HeatMapView.swift */,
			);
			path = Chart;
			sourceTree = "<group>";
		};
		A384EB1729BAFBC5005CC9E1 = {
			isa = PBXGroup;
			children = (
				A3501C8E2A3601FF00057C1C /* EthGasWidgetExtension.entitlements */,
				A384EB2229BAFBC5005CC9E1 /* EthGasTracker */,
				A38C56592A12C7C5004ABF21 /* EthGasWidget */,
				A38C56542A12C7C5004ABF21 /* Frameworks */,
				A384EB2129BAFBC5005CC9E1 /* Products */,
			);
			sourceTree = "<group>";
		};
		A384EB2129BAFBC5005CC9E1 /* Products */ = {
			isa = PBXGroup;
			children = (
				A384EB2029BAFBC5005CC9E1 /* EthGasTracker.app */,
				A38C56532A12C7C5004ABF21 /* EthGasWidgetExtension.appex */,
			);
			name = Products;
			sourceTree = "<group>";
		};
		A384EB2229BAFBC5005CC9E1 /* EthGasTracker */ = {
			isa = PBXGroup;
			children = (
				A394E00629EA4E3000E45DEF /* EthGasTracker.entitlements */,
				A384EB3829BBE913005CC9E1 /* Info.plist */,
				A384EB2329BAFBC5005CC9E1 /* EthGasTrackerApp.swift */,
				A3E3656229BD476B00DC3016 /* ContentView.swift */,
				A32A16402A06A87000F04CC7 /* api */,
				A32A163F2A06A78800F04CC7 /* Views */,
				A394E00D29EA54B300E45DEF /* NotificationDelegate.swift */,
				A394E00F29EA55F400E45DEF /* NotificationManager.swift */,
				A394E01529EB1AE000E45DEF /* ThresholdStorage.swift */,
				A3E3656029BD46DF00DC3016 /* NetworkMonitor.swift */,
				A3E3655829BC39BC00DC3016 /* AppDelegate.swift */,
				A384EB3429BAFDA1005CC9E1 /* DataController.swift */,
				A384EB3129BAFD3B005CC9E1 /* Gas.xcdatamodeld */,
				A384EB2729BAFBC6005CC9E1 /* Assets.xcassets */,
				A317CCEF29CBF497001B8492 /* lightweight.gif */,
				A384EB2929BAFBC6005CC9E1 /* Preview Content */,
				A3F731EE2A11CD4200AB10D2 /* Helpers.swift */,
			);
			path = EthGasTracker;
			sourceTree = "<group>";
		};
		A384EB2929BAFBC6005CC9E1 /* Preview Content */ = {
			isa = PBXGroup;
			children = (
				A384EB2A29BAFBC6005CC9E1 /* Preview Assets.xcassets */,
			);
			path = "Preview Content";
			sourceTree = "<group>";
		};
		A38C56542A12C7C5004ABF21 /* Frameworks */ = {
			isa = PBXGroup;
			children = (
				A38C56552A12C7C5004ABF21 /* WidgetKit.framework */,
				A38C56572A12C7C5004ABF21 /* SwiftUI.framework */,
			);
			name = Frameworks;
			sourceTree = "<group>";
		};
		A38C56592A12C7C5004ABF21 /* EthGasWidget */ = {
			isa = PBXGroup;
			children = (
				A38C565A2A12C7C5004ABF21 /* EthGasWidgetBundle.swift */,
				A38C565C2A12C7C5004ABF21 /* EthGasWidgetLiveActivity.swift */,
				A3501C972A36AAE600057C1C /* EthGasWidgetAll.swift */,
				A38C565E2A12C7C5004ABF21 /* EthGasWidget.swift */,
				A320810B2A42680D00857E02 /* EthGasWidgetSmall.swift */,
				A32081132A427E2100857E02 /* EthGasWidgetMedium.swift */,
				A32081112A427AE800857E02 /* EthGasWidgetLarge.swift */,
				A320810F2A42718D00857E02 /* GridView.swift */,
				A320810D2A426D4900857E02 /* EthGasWidgetHigh2.swift */,
				A3501C902A36A15200057C1C /* EthGasWidgetLow.swift */,
				A3501C942A36A70C00057C1C /* EthGasWidgetHigh.swift */,
				A38C56602A12C7C6004ABF21 /* Assets.xcassets */,
				A38C56622A12C7C6004ABF21 /* Info.plist */,
				A3501C992A36B47700057C1C /* LockScreenWidget.swift */,
			);
			path = EthGasWidget;
			sourceTree = "<group>";
		};
/* End PBXGroup section */

/* Begin PBXNativeTarget section */
		A384EB1F29BAFBC5005CC9E1 /* EthGasTracker */ = {
			isa = PBXNativeTarget;
			buildConfigurationList = A384EB2E29BAFBC6005CC9E1 /* Build configuration list for PBXNativeTarget "EthGasTracker" */;
			buildPhases = (
				A384EB1C29BAFBC5005CC9E1 /* Sources */,
				A384EB1D29BAFBC5005CC9E1 /* Frameworks */,
				A384EB1E29BAFBC5005CC9E1 /* Resources */,
				A38C56662A12C7C6004ABF21 /* Embed Foundation Extensions */,
			);
			buildRules = (
			);
			dependencies = (
				A38C56642A12C7C6004ABF21 /* PBXTargetDependency */,
			);
			name = EthGasTracker;
			packageProductDependencies = (
			);
			productName = EthGasTracker;
			productReference = A384EB2029BAFBC5005CC9E1 /* EthGasTracker.app */;
			productType = "com.apple.product-type.application";
		};
		A38C56522A12C7C5004ABF21 /* EthGasWidgetExtension */ = {
			isa = PBXNativeTarget;
			buildConfigurationList = A38C56692A12C7C6004ABF21 /* Build configuration list for PBXNativeTarget "EthGasWidgetExtension" */;
			buildPhases = (
				A38C564F2A12C7C5004ABF21 /* Sources */,
				A38C56502A12C7C5004ABF21 /* Frameworks */,
				A38C56512A12C7C5004ABF21 /* Resources */,
			);
			buildRules = (
			);
			dependencies = (
			);
			name = EthGasWidgetExtension;
			productName = EthGasWidgetExtension;
			productReference = A38C56532A12C7C5004ABF21 /* EthGasWidgetExtension.appex */;
			productType = "com.apple.product-type.app-extension";
		};
/* End PBXNativeTarget section */

/* Begin PBXProject section */
		A384EB1829BAFBC5005CC9E1 /* Project object */ = {
			isa = PBXProject;
			attributes = {
				BuildIndependentTargetsInParallel = 1;
				LastSwiftUpdateCheck = 1410;
				LastUpgradeCheck = 1410;
				TargetAttributes = {
					A384EB1F29BAFBC5005CC9E1 = {
						CreatedOnToolsVersion = 14.1;
					};
					A38C56522A12C7C5004ABF21 = {
						CreatedOnToolsVersion = 14.1;
					};
				};
			};
			buildConfigurationList = A384EB1B29BAFBC5005CC9E1 /* Build configuration list for PBXProject "EthGasTracker" */;
			compatibilityVersion = "Xcode 14.0";
			developmentRegion = en;
			hasScannedForEncodings = 0;
			knownRegions = (
				en,
				Base,
			);
			mainGroup = A384EB1729BAFBC5005CC9E1;
			packageReferences = (
			);
			productRefGroup = A384EB2129BAFBC5005CC9E1 /* Products */;
			projectDirPath = "";
			projectRoot = "";
			targets = (
				A384EB1F29BAFBC5005CC9E1 /* EthGasTracker */,
				A38C56522A12C7C5004ABF21 /* EthGasWidgetExtension */,
			);
		};
/* End PBXProject section */

/* Begin PBXResourcesBuildPhase section */
		A384EB1E29BAFBC5005CC9E1 /* Resources */ = {
			isa = PBXResourcesBuildPhase;
			buildActionMask = 2147483647;
			files = (
				A384EB2B29BAFBC6005CC9E1 /* Preview Assets.xcassets in Resources */,
				A384EB2829BAFBC6005CC9E1 /* Assets.xcassets in Resources */,
				A317CCF029CBF497001B8492 /* lightweight.gif in Resources */,
			);
			runOnlyForDeploymentPostprocessing = 0;
		};
		A38C56512A12C7C5004ABF21 /* Resources */ = {
			isa = PBXResourcesBuildPhase;
			buildActionMask = 2147483647;
			files = (
				A3501C8F2A361C1600057C1C /* Assets.xcassets in Resources */,
				A38C56612A12C7C6004ABF21 /* Assets.xcassets in Resources */,
			);
			runOnlyForDeploymentPostprocessing = 0;
		};
/* End PBXResourcesBuildPhase section */

/* Begin PBXSourcesBuildPhase section */
		A384EB1C29BAFBC5005CC9E1 /* Sources */ = {
			isa = PBXSourcesBuildPhase;
			buildActionMask = 2147483647;
			files = (
				A34D907429C2B52E002F2310 /* TimerView.swift in Sources */,
				A3E3655B29BD2EF800DC3016 /* Fetch.swift in Sources */,
				A3DB1D692A0E75EE00372A58 /* HeatMapView.swift in Sources */,
				A3A4D4E12A082E47008E4CE7 /* LowChart.swift in Sources */,
				A3A4D4E52A084FA6008E4CE7 /* BarsChart.swift in Sources */,
				A394E00329EA467100E45DEF /* PlainGasView.swift in Sources */,
				A394E01029EA55F400E45DEF /* NotificationManager.swift in Sources */,
				A32A16462A06A9F700F04CC7 /* AvgChart.swift in Sources */,
				A384EB3529BAFDA1005CC9E1 /* DataController.swift in Sources */,
				A3DB1D672A0E4DA500372A58 /* HeatMap.swift in Sources */,
				A320811A2A43C85E00857E02 /* MessagesView.swift in Sources */,
				A394E00E29EA54B300E45DEF /* NotificationDelegate.swift in Sources */,
				A3E3656329BD476B00DC3016 /* ContentView.swift in Sources */,
				A37D69152A1E35F500ECF1CA /* NotificationLimitPicker.swift in Sources */,
				A3E3655929BC39BC00DC3016 /* AppDelegate.swift in Sources */,
				A384EB2429BAFBC5005CC9E1 /* EthGasTrackerApp.swift in Sources */,
				A34D906E29C28EDE002F2310 /* FetcherViewModel.swift in Sources */,
				A34D907229C2B1A9002F2310 /* StatusBar.swift in Sources */,
				A3CB1FE129EC7195006A52A5 /* ThresholdListView.swift in Sources */,
				A384EB3329BAFD3B005CC9E1 /* Gas.xcdatamodeld in Sources */,
				A3E3656129BD46DF00DC3016 /* NetworkMonitor.swift in Sources */,
				A394E01629EB1AE000E45DEF /* ThresholdStorage.swift in Sources */,
				A32081162A42922D00857E02 /* SettingsView.swift in Sources */,
				A394E00A29EA505000E45DEF /* SendThreshold.swift in Sources */,
				A3A4D4E32A0835C2008E4CE7 /* HighChart.swift in Sources */,
				A3CB1FDF29EC6C6D006A52A5 /* ThresholdInputView.swift in Sources */,
				A3F731EF2A11CD4200AB10D2 /* Helpers.swift in Sources */,
				A34D907029C2918D002F2310 /* FetchView.swift in Sources */,
				A32081182A42A36200857E02 /* FeedbackButtonView.swift in Sources */,
				A33ABB2C2A46531E00D27DC8 /* ChangelogView.swift in Sources */,
				A394E00529EA4C8D00E45DEF /* NotificationView.swift in Sources */,
			);
			runOnlyForDeploymentPostprocessing = 0;
		};
		A38C564F2A12C7C5004ABF21 /* Sources */ = {
			isa = PBXSourcesBuildPhase;
			buildActionMask = 2147483647;
			files = (
				A38C566C2A12D39F004ABF21 /* Fetch.swift in Sources */,
				A3501C982A36AAE600057C1C /* EthGasWidgetAll.swift in Sources */,
				A3501C8D2A35F8BA00057C1C /* AvgChart.swift in Sources */,
				A38C565D2A12C7C5004ABF21 /* EthGasWidgetLiveActivity.swift in Sources */,
				A320810E2A426D4900857E02 /* EthGasWidgetHigh2.swift in Sources */,
				A3501C922A36A15200057C1C /* EthGasWidgetLow.swift in Sources */,
				A38C565B2A12C7C5004ABF21 /* EthGasWidgetBundle.swift in Sources */,
				A3501C932A36A32600057C1C /* LowChart.swift in Sources */,
				A320810C2A42680D00857E02 /* EthGasWidgetSmall.swift in Sources */,
				A38C565F2A12C7C5004ABF21 /* EthGasWidget.swift in Sources */,
				A3501C8C2A35F79600057C1C /* FetcherViewModel.swift in Sources */,
				A3501C962A36A75400057C1C /* HighChart.swift in Sources */,
				A3501C9A2A36B47700057C1C /* LockScreenWidget.swift in Sources */,
				A32081122A427AE800857E02 /* EthGasWidgetLarge.swift in Sources */,
				A32081102A42718D00857E02 /* GridView.swift in Sources */,
				A32081142A427E2100857E02 /* EthGasWidgetMedium.swift in Sources */,
				A3501C952A36A70C00057C1C /* EthGasWidgetHigh.swift in Sources */,
			);
			runOnlyForDeploymentPostprocessing = 0;
		};
/* End PBXSourcesBuildPhase section */

/* Begin PBXTargetDependency section */
		A38C56642A12C7C6004ABF21 /* PBXTargetDependency */ = {
			isa = PBXTargetDependency;
			target = A38C56522A12C7C5004ABF21 /* EthGasWidgetExtension */;
			targetProxy = A38C56632A12C7C6004ABF21 /* PBXContainerItemProxy */;
		};
/* End PBXTargetDependency section */

/* Begin XCBuildConfiguration section */
		A384EB2C29BAFBC6005CC9E1 /* Debug */ = {
			isa = XCBuildConfiguration;
			buildSettings = {
				ALWAYS_SEARCH_USER_PATHS = NO;
				CLANG_ANALYZER_NONNULL = YES;
				CLANG_ANALYZER_NUMBER_OBJECT_CONVERSION = YES_AGGRESSIVE;
				CLANG_CXX_LANGUAGE_STANDARD = "gnu++20";
				CLANG_ENABLE_MODULES = YES;
				CLANG_ENABLE_OBJC_ARC = YES;
				CLANG_ENABLE_OBJC_WEAK = YES;
				CLANG_WARN_BLOCK_CAPTURE_AUTORELEASING = YES;
				CLANG_WARN_BOOL_CONVERSION = YES;
				CLANG_WARN_COMMA = YES;
				CLANG_WARN_CONSTANT_CONVERSION = YES;
				CLANG_WARN_DEPRECATED_OBJC_IMPLEMENTATIONS = YES;
				CLANG_WARN_DIRECT_OBJC_ISA_USAGE = YES_ERROR;
				CLANG_WARN_DOCUMENTATION_COMMENTS = YES;
				CLANG_WARN_EMPTY_BODY = YES;
				CLANG_WARN_ENUM_CONVERSION = YES;
				CLANG_WARN_INFINITE_RECURSION = YES;
				CLANG_WARN_INT_CONVERSION = YES;
				CLANG_WARN_NON_LITERAL_NULL_CONVERSION = YES;
				CLANG_WARN_OBJC_IMPLICIT_RETAIN_SELF = YES;
				CLANG_WARN_OBJC_LITERAL_CONVERSION = YES;
				CLANG_WARN_OBJC_ROOT_CLASS = YES_ERROR;
				CLANG_WARN_QUOTED_INCLUDE_IN_FRAMEWORK_HEADER = YES;
				CLANG_WARN_RANGE_LOOP_ANALYSIS = YES;
				CLANG_WARN_STRICT_PROTOTYPES = YES;
				CLANG_WARN_SUSPICIOUS_MOVE = YES;
				CLANG_WARN_UNGUARDED_AVAILABILITY = YES_AGGRESSIVE;
				CLANG_WARN_UNREACHABLE_CODE = YES;
				CLANG_WARN__DUPLICATE_METHOD_MATCH = YES;
				COPY_PHASE_STRIP = NO;
				DEBUG_INFORMATION_FORMAT = dwarf;
				ENABLE_STRICT_OBJC_MSGSEND = YES;
				ENABLE_TESTABILITY = YES;
				GCC_C_LANGUAGE_STANDARD = gnu11;
				GCC_DYNAMIC_NO_PIC = NO;
				GCC_NO_COMMON_BLOCKS = YES;
				GCC_OPTIMIZATION_LEVEL = 0;
				GCC_PREPROCESSOR_DEFINITIONS = (
					"DEBUG=1",
					"$(inherited)",
				);
				GCC_WARN_64_TO_32_BIT_CONVERSION = YES;
				GCC_WARN_ABOUT_RETURN_TYPE = YES_ERROR;
				GCC_WARN_UNDECLARED_SELECTOR = YES;
				GCC_WARN_UNINITIALIZED_AUTOS = YES_AGGRESSIVE;
				GCC_WARN_UNUSED_FUNCTION = YES;
				GCC_WARN_UNUSED_VARIABLE = YES;
				IPHONEOS_DEPLOYMENT_TARGET = 14.0;
				MTL_ENABLE_DEBUG_INFO = INCLUDE_SOURCE;
				MTL_FAST_MATH = YES;
				ONLY_ACTIVE_ARCH = YES;
				SDKROOT = iphoneos;
				SWIFT_ACTIVE_COMPILATION_CONDITIONS = DEBUG;
				SWIFT_OPTIMIZATION_LEVEL = "-Onone";
			};
			name = Debug;
		};
		A384EB2D29BAFBC6005CC9E1 /* Release */ = {
			isa = XCBuildConfiguration;
			buildSettings = {
				ALWAYS_SEARCH_USER_PATHS = NO;
				CLANG_ANALYZER_NONNULL = YES;
				CLANG_ANALYZER_NUMBER_OBJECT_CONVERSION = YES_AGGRESSIVE;
				CLANG_CXX_LANGUAGE_STANDARD = "gnu++20";
				CLANG_ENABLE_MODULES = YES;
				CLANG_ENABLE_OBJC_ARC = YES;
				CLANG_ENABLE_OBJC_WEAK = YES;
				CLANG_WARN_BLOCK_CAPTURE_AUTORELEASING = YES;
				CLANG_WARN_BOOL_CONVERSION = YES;
				CLANG_WARN_COMMA = YES;
				CLANG_WARN_CONSTANT_CONVERSION = YES;
				CLANG_WARN_DEPRECATED_OBJC_IMPLEMENTATIONS = YES;
				CLANG_WARN_DIRECT_OBJC_ISA_USAGE = YES_ERROR;
				CLANG_WARN_DOCUMENTATION_COMMENTS = YES;
				CLANG_WARN_EMPTY_BODY = YES;
				CLANG_WARN_ENUM_CONVERSION = YES;
				CLANG_WARN_INFINITE_RECURSION = YES;
				CLANG_WARN_INT_CONVERSION = YES;
				CLANG_WARN_NON_LITERAL_NULL_CONVERSION = YES;
				CLANG_WARN_OBJC_IMPLICIT_RETAIN_SELF = YES;
				CLANG_WARN_OBJC_LITERAL_CONVERSION = YES;
				CLANG_WARN_OBJC_ROOT_CLASS = YES_ERROR;
				CLANG_WARN_QUOTED_INCLUDE_IN_FRAMEWORK_HEADER = YES;
				CLANG_WARN_RANGE_LOOP_ANALYSIS = YES;
				CLANG_WARN_STRICT_PROTOTYPES = YES;
				CLANG_WARN_SUSPICIOUS_MOVE = YES;
				CLANG_WARN_UNGUARDED_AVAILABILITY = YES_AGGRESSIVE;
				CLANG_WARN_UNREACHABLE_CODE = YES;
				CLANG_WARN__DUPLICATE_METHOD_MATCH = YES;
				COPY_PHASE_STRIP = NO;
				DEBUG_INFORMATION_FORMAT = "dwarf-with-dsym";
				ENABLE_NS_ASSERTIONS = NO;
				ENABLE_STRICT_OBJC_MSGSEND = YES;
				GCC_C_LANGUAGE_STANDARD = gnu11;
				GCC_NO_COMMON_BLOCKS = YES;
				GCC_WARN_64_TO_32_BIT_CONVERSION = YES;
				GCC_WARN_ABOUT_RETURN_TYPE = YES_ERROR;
				GCC_WARN_UNDECLARED_SELECTOR = YES;
				GCC_WARN_UNINITIALIZED_AUTOS = YES_AGGRESSIVE;
				GCC_WARN_UNUSED_FUNCTION = YES;
				GCC_WARN_UNUSED_VARIABLE = YES;
				IPHONEOS_DEPLOYMENT_TARGET = 14.0;
				MTL_ENABLE_DEBUG_INFO = NO;
				MTL_FAST_MATH = YES;
				SDKROOT = iphoneos;
				SWIFT_COMPILATION_MODE = wholemodule;
				SWIFT_OPTIMIZATION_LEVEL = "-O";
				VALIDATE_PRODUCT = YES;
			};
			name = Release;
		};
		A384EB2F29BAFBC6005CC9E1 /* Debug */ = {
			isa = XCBuildConfiguration;
			buildSettings = {
				ALWAYS_EMBED_SWIFT_STANDARD_LIBRARIES = YES;
				ASSETCATALOG_COMPILER_APPICON_NAME = AppIcon;
				ASSETCATALOG_COMPILER_GLOBAL_ACCENT_COLOR_NAME = AccentColor;
				CODE_SIGN_ENTITLEMENTS = EthGasTracker/EthGasTracker.entitlements;
				CODE_SIGN_STYLE = Automatic;
				CURRENT_PROJECT_VERSION = 1;
				DEVELOPMENT_ASSET_PATHS = "\"EthGasTracker/Preview Content\"";
				DEVELOPMENT_TEAM = WGB8QNZPMK;
				ENABLE_PREVIEWS = YES;
				GENERATE_INFOPLIST_FILE = YES;
				INFOPLIST_FILE = EthGasTracker/Info.plist;
				INFOPLIST_KEY_CFBundleDisplayName = GAS;
				INFOPLIST_KEY_LSApplicationCategoryType = "public.app-category.finance";
				INFOPLIST_KEY_UIApplicationSupportsIndirectInputEvents = YES;
				INFOPLIST_KEY_UILaunchScreen_Generation = YES;
				INFOPLIST_KEY_UIStatusBarStyle = "";
				INFOPLIST_KEY_UISupportedInterfaceOrientations = UIInterfaceOrientationPortrait;
				IPHONEOS_DEPLOYMENT_TARGET = 16.0;
				LD_RUNPATH_SEARCH_PATHS = (
					"$(inherited)",
					"@executable_path/Frameworks",
				);
				MARKETING_VERSION = 2.4;
				PRODUCT_BUNDLE_IDENTIFIER = TEMTEM.EthGasTracker;
				PRODUCT_NAME = "$(TARGET_NAME)";
				SUPPORTED_PLATFORMS = "iphoneos iphonesimulator";
				SUPPORTS_MACCATALYST = NO;
				SUPPORTS_MAC_DESIGNED_FOR_IPHONE_IPAD = NO;
				SWIFT_EMIT_LOC_STRINGS = YES;
				SWIFT_VERSION = 5.0;
				TARGETED_DEVICE_FAMILY = 1;
			};
			name = Debug;
		};
		A384EB3029BAFBC6005CC9E1 /* Release */ = {
			isa = XCBuildConfiguration;
			buildSettings = {
				ALWAYS_EMBED_SWIFT_STANDARD_LIBRARIES = YES;
				ASSETCATALOG_COMPILER_APPICON_NAME = AppIcon;
				ASSETCATALOG_COMPILER_GLOBAL_ACCENT_COLOR_NAME = AccentColor;
				CODE_SIGN_ENTITLEMENTS = EthGasTracker/EthGasTracker.entitlements;
				CODE_SIGN_STYLE = Automatic;
				CURRENT_PROJECT_VERSION = 1;
				DEVELOPMENT_ASSET_PATHS = "\"EthGasTracker/Preview Content\"";
				DEVELOPMENT_TEAM = WGB8QNZPMK;
				ENABLE_PREVIEWS = YES;
				GENERATE_INFOPLIST_FILE = YES;
				INFOPLIST_FILE = EthGasTracker/Info.plist;
				INFOPLIST_KEY_CFBundleDisplayName = GAS;
				INFOPLIST_KEY_LSApplicationCategoryType = "public.app-category.finance";
				INFOPLIST_KEY_UIApplicationSupportsIndirectInputEvents = YES;
				INFOPLIST_KEY_UILaunchScreen_Generation = YES;
				INFOPLIST_KEY_UIStatusBarStyle = "";
				INFOPLIST_KEY_UISupportedInterfaceOrientations = UIInterfaceOrientationPortrait;
				IPHONEOS_DEPLOYMENT_TARGET = 16.0;
				LD_RUNPATH_SEARCH_PATHS = (
					"$(inherited)",
					"@executable_path/Frameworks",
				);
				MARKETING_VERSION = 2.4;
				PRODUCT_BUNDLE_IDENTIFIER = TEMTEM.EthGasTracker;
				PRODUCT_NAME = "$(TARGET_NAME)";
				SUPPORTED_PLATFORMS = "iphoneos iphonesimulator";
				SUPPORTS_MACCATALYST = NO;
				SUPPORTS_MAC_DESIGNED_FOR_IPHONE_IPAD = NO;
				SWIFT_EMIT_LOC_STRINGS = YES;
				SWIFT_VERSION = 5.0;
				TARGETED_DEVICE_FAMILY = 1;
			};
			name = Release;
		};
		A38C56672A12C7C6004ABF21 /* Debug */ = {
			isa = XCBuildConfiguration;
			buildSettings = {
				ASSETCATALOG_COMPILER_GLOBAL_ACCENT_COLOR_NAME = AccentColor;
				ASSETCATALOG_COMPILER_WIDGET_BACKGROUND_COLOR_NAME = WidgetBackground;
				CODE_SIGN_ENTITLEMENTS = EthGasWidgetExtension.entitlements;
				CODE_SIGN_STYLE = Automatic;
				CURRENT_PROJECT_VERSION = 1;
				DEVELOPMENT_TEAM = WGB8QNZPMK;
				GENERATE_INFOPLIST_FILE = YES;
				INFOPLIST_FILE = EthGasWidget/Info.plist;
				INFOPLIST_KEY_CFBundleDisplayName = EthGasWidget;
				INFOPLIST_KEY_NSHumanReadableCopyright = "";
				IPHONEOS_DEPLOYMENT_TARGET = 16.1;
				LD_RUNPATH_SEARCH_PATHS = (
					"$(inherited)",
					"@executable_path/Frameworks",
					"@executable_path/../../Frameworks",
				);
				MARKETING_VERSION = 1.0;
				PRODUCT_BUNDLE_IDENTIFIER = TEMTEM.EthGasTracker.EthGasWidget;
				PRODUCT_NAME = "$(TARGET_NAME)";
				SKIP_INSTALL = YES;
				SWIFT_EMIT_LOC_STRINGS = YES;
				SWIFT_VERSION = 5.0;
				TARGETED_DEVICE_FAMILY = "1,2";
			};
			name = Debug;
		};
		A38C56682A12C7C6004ABF21 /* Release */ = {
			isa = XCBuildConfiguration;
			buildSettings = {
				ASSETCATALOG_COMPILER_GLOBAL_ACCENT_COLOR_NAME = AccentColor;
				ASSETCATALOG_COMPILER_WIDGET_BACKGROUND_COLOR_NAME = WidgetBackground;
				CODE_SIGN_ENTITLEMENTS = EthGasWidgetExtension.entitlements;
				CODE_SIGN_STYLE = Automatic;
				CURRENT_PROJECT_VERSION = 1;
				DEVELOPMENT_TEAM = WGB8QNZPMK;
				GENERATE_INFOPLIST_FILE = YES;
				INFOPLIST_FILE = EthGasWidget/Info.plist;
				INFOPLIST_KEY_CFBundleDisplayName = EthGasWidget;
				INFOPLIST_KEY_NSHumanReadableCopyright = "";
				IPHONEOS_DEPLOYMENT_TARGET = 16.1;
				LD_RUNPATH_SEARCH_PATHS = (
					"$(inherited)",
					"@executable_path/Frameworks",
					"@executable_path/../../Frameworks",
				);
				MARKETING_VERSION = 1.0;
				PRODUCT_BUNDLE_IDENTIFIER = TEMTEM.EthGasTracker.EthGasWidget;
				PRODUCT_NAME = "$(TARGET_NAME)";
				SKIP_INSTALL = YES;
				SWIFT_EMIT_LOC_STRINGS = YES;
				SWIFT_VERSION = 5.0;
				TARGETED_DEVICE_FAMILY = "1,2";
			};
			name = Release;
		};
/* End XCBuildConfiguration section */

/* Begin XCConfigurationList section */
		A384EB1B29BAFBC5005CC9E1 /* Build configuration list for PBXProject "EthGasTracker" */ = {
			isa = XCConfigurationList;
			buildConfigurations = (
				A384EB2C29BAFBC6005CC9E1 /* Debug */,
				A384EB2D29BAFBC6005CC9E1 /* Release */,
			);
			defaultConfigurationIsVisible = 0;
			defaultConfigurationName = Release;
		};
		A384EB2E29BAFBC6005CC9E1 /* Build configuration list for PBXNativeTarget "EthGasTracker" */ = {
			isa = XCConfigurationList;
			buildConfigurations = (
				A384EB2F29BAFBC6005CC9E1 /* Debug */,
				A384EB3029BAFBC6005CC9E1 /* Release */,
			);
			defaultConfigurationIsVisible = 0;
			defaultConfigurationName = Release;
		};
		A38C56692A12C7C6004ABF21 /* Build configuration list for PBXNativeTarget "EthGasWidgetExtension" */ = {
			isa = XCConfigurationList;
			buildConfigurations = (
				A38C56672A12C7C6004ABF21 /* Debug */,
				A38C56682A12C7C6004ABF21 /* Release */,
			);
			defaultConfigurationIsVisible = 0;
			defaultConfigurationName = Release;
		};
/* End XCConfigurationList section */

/* Begin XCVersionGroup section */
		A384EB3129BAFD3B005CC9E1 /* Gas.xcdatamodeld */ = {
			isa = XCVersionGroup;
			children = (
				A384EB3229BAFD3B005CC9E1 /* Gas.xcdatamodel */,
			);
			currentVersion = A384EB3229BAFD3B005CC9E1 /* Gas.xcdatamodel */;
			path = Gas.xcdatamodeld;
			sourceTree = "<group>";
			versionGroupType = wrapper.xcdatamodel;
		};
/* End XCVersionGroup section */
	};
	rootObject = A384EB1829BAFBC5005CC9E1 /* Project object */;
}
